// !$*UTF8*$!
{
	archiveVersion = 1;
	classes = {
	};
	objectVersion = 50;
	objects = {

/* Begin PBXBuildFile section */
		3D02FD4E27D8E83C0055ECF7 /* AVAudioPlayer+Extensions.swift in Sources */ = {isa = PBXBuildFile; fileRef = 3D02FD4D27D8E83C0055ECF7 /* AVAudioPlayer+Extensions.swift */; };
		3D12D9C727D61D8500D01489 /* Main.swift in Sources */ = {isa = PBXBuildFile; fileRef = 3D12D9C627D61D8500D01489 /* Main.swift */; };
		3D12D9C927D61D8500D01489 /* ContentView.swift in Sources */ = {isa = PBXBuildFile; fileRef = 3D12D9C827D61D8500D01489 /* ContentView.swift */; };
		3D12D9CB27D61D8800D01489 /* Assets.xcassets in Resources */ = {isa = PBXBuildFile; fileRef = 3D12D9CA27D61D8800D01489 /* Assets.xcassets */; };
		3D12D9CE27D61D8800D01489 /* Preview Assets.xcassets in Resources */ = {isa = PBXBuildFile; fileRef = 3D12D9CD27D61D8800D01489 /* Preview Assets.xcassets */; };
		3D13480627D8BDA900D46B84 /* Soundtrack.swift in Sources */ = {isa = PBXBuildFile; fileRef = 3D13480527D8BDA900D46B84 /* Soundtrack.swift */; };
		3D13480827D8BDDF00D46B84 /* AudioController.swift in Sources */ = {isa = PBXBuildFile; fileRef = 3D13480727D8BDDF00D46B84 /* AudioController.swift */; };
		3D13480D27D8C87400D46B84 /* UserDefaultsKey.swift in Sources */ = {isa = PBXBuildFile; fileRef = 3D13480C27D8C87400D46B84 /* UserDefaultsKey.swift */; };
		3D13480F27D8CB7900D46B84 /* UserDefaults+Extensions.swift in Sources */ = {isa = PBXBuildFile; fileRef = 3D13480E27D8CB7900D46B84 /* UserDefaults+Extensions.swift */; };
		3D13481127D8D86000D46B84 /* SettingsView.swift in Sources */ = {isa = PBXBuildFile; fileRef = 3D13481027D8D86000D46B84 /* SettingsView.swift */; };
		3D13481327D8D89100D46B84 /* SettingsViewModel.swift in Sources */ = {isa = PBXBuildFile; fileRef = 3D13481227D8D89100D46B84 /* SettingsViewModel.swift */; };
		72478E9327D70C9800B9140A /* Entity.swift in Sources */ = {isa = PBXBuildFile; fileRef = 72478E9227D70C9800B9140A /* Entity.swift */; };
		72478E9527D70DFE00B9140A /* Component.swift in Sources */ = {isa = PBXBuildFile; fileRef = 72478E9427D70DFE00B9140A /* Component.swift */; };
		72478E9727D70E4200B9140A /* ComponentIdentifier.swift in Sources */ = {isa = PBXBuildFile; fileRef = 72478E9627D70E4200B9140A /* ComponentIdentifier.swift */; };
		72478E9927D7138900B9140A /* Nexus.swift in Sources */ = {isa = PBXBuildFile; fileRef = 72478E9827D7138900B9140A /* Nexus.swift */; };
		72478E9B27D733DE00B9140A /* System.swift in Sources */ = {isa = PBXBuildFile; fileRef = 72478E9A27D733DE00B9140A /* System.swift */; };
		72478E9D27D7363100B9140A /* GameEngine.swift in Sources */ = {isa = PBXBuildFile; fileRef = 72478E9C27D7363100B9140A /* GameEngine.swift */; };
		72478E9F27D736F200B9140A /* RenderableComponent.swift in Sources */ = {isa = PBXBuildFile; fileRef = 72478E9E27D736F200B9140A /* RenderableComponent.swift */; };
		72478EA327D739A500B9140A /* TestViewModel.swift in Sources */ = {isa = PBXBuildFile; fileRef = 72478EA227D739A500B9140A /* TestViewModel.swift */; };
		72478EA527D73A8200B9140A /* GameRenderer.swift in Sources */ = {isa = PBXBuildFile; fileRef = 72478EA427D73A8200B9140A /* GameRenderer.swift */; };
		72478EA827D73B0500B9140A /* Constants.swift in Sources */ = {isa = PBXBuildFile; fileRef = 72478EA727D73B0500B9140A /* Constants.swift */; };
/* End PBXBuildFile section */

/* Begin PBXFileReference section */
		3D02FD4D27D8E83C0055ECF7 /* AVAudioPlayer+Extensions.swift */ = {isa = PBXFileReference; lastKnownFileType = sourcecode.swift; path = "AVAudioPlayer+Extensions.swift"; sourceTree = "<group>"; };
		3D12D9C327D61D8500D01489 /* live-to-tilt.app */ = {isa = PBXFileReference; explicitFileType = wrapper.application; includeInIndex = 0; path = "live-to-tilt.app"; sourceTree = BUILT_PRODUCTS_DIR; };
		3D12D9C627D61D8500D01489 /* Main.swift */ = {isa = PBXFileReference; lastKnownFileType = sourcecode.swift; path = Main.swift; sourceTree = "<group>"; };
		3D12D9C827D61D8500D01489 /* ContentView.swift */ = {isa = PBXFileReference; lastKnownFileType = sourcecode.swift; path = ContentView.swift; sourceTree = "<group>"; };
		3D12D9CA27D61D8800D01489 /* Assets.xcassets */ = {isa = PBXFileReference; lastKnownFileType = folder.assetcatalog; path = Assets.xcassets; sourceTree = "<group>"; };
		3D12D9CD27D61D8800D01489 /* Preview Assets.xcassets */ = {isa = PBXFileReference; lastKnownFileType = folder.assetcatalog; path = "Preview Assets.xcassets"; sourceTree = "<group>"; };
		3D12D9CF27D61D8800D01489 /* Info.plist */ = {isa = PBXFileReference; lastKnownFileType = text.plist.xml; path = Info.plist; sourceTree = "<group>"; };
		3D13480527D8BDA900D46B84 /* Soundtrack.swift */ = {isa = PBXFileReference; lastKnownFileType = sourcecode.swift; path = Soundtrack.swift; sourceTree = "<group>"; };
		3D13480727D8BDDF00D46B84 /* AudioController.swift */ = {isa = PBXFileReference; lastKnownFileType = sourcecode.swift; path = AudioController.swift; sourceTree = "<group>"; };
		3D13480C27D8C87400D46B84 /* UserDefaultsKey.swift */ = {isa = PBXFileReference; lastKnownFileType = sourcecode.swift; path = UserDefaultsKey.swift; sourceTree = "<group>"; };
		3D13480E27D8CB7900D46B84 /* UserDefaults+Extensions.swift */ = {isa = PBXFileReference; lastKnownFileType = sourcecode.swift; path = "UserDefaults+Extensions.swift"; sourceTree = "<group>"; };
		3D13481027D8D86000D46B84 /* SettingsView.swift */ = {isa = PBXFileReference; lastKnownFileType = sourcecode.swift; path = SettingsView.swift; sourceTree = "<group>"; };
		3D13481227D8D89100D46B84 /* SettingsViewModel.swift */ = {isa = PBXFileReference; lastKnownFileType = sourcecode.swift; path = SettingsViewModel.swift; sourceTree = "<group>"; };
		72478E9227D70C9800B9140A /* Entity.swift */ = {isa = PBXFileReference; lastKnownFileType = sourcecode.swift; path = Entity.swift; sourceTree = "<group>"; };
		72478E9427D70DFE00B9140A /* Component.swift */ = {isa = PBXFileReference; lastKnownFileType = sourcecode.swift; path = Component.swift; sourceTree = "<group>"; };
		72478E9627D70E4200B9140A /* ComponentIdentifier.swift */ = {isa = PBXFileReference; lastKnownFileType = sourcecode.swift; path = ComponentIdentifier.swift; sourceTree = "<group>"; };
		72478E9827D7138900B9140A /* Nexus.swift */ = {isa = PBXFileReference; lastKnownFileType = sourcecode.swift; path = Nexus.swift; sourceTree = "<group>"; };
		72478E9A27D733DE00B9140A /* System.swift */ = {isa = PBXFileReference; lastKnownFileType = sourcecode.swift; path = System.swift; sourceTree = "<group>"; };
		72478E9C27D7363100B9140A /* GameEngine.swift */ = {isa = PBXFileReference; lastKnownFileType = sourcecode.swift; path = GameEngine.swift; sourceTree = "<group>"; };
		72478E9E27D736F200B9140A /* RenderableComponent.swift */ = {isa = PBXFileReference; lastKnownFileType = sourcecode.swift; path = RenderableComponent.swift; sourceTree = "<group>"; };
		72478EA227D739A500B9140A /* TestViewModel.swift */ = {isa = PBXFileReference; lastKnownFileType = sourcecode.swift; name = TestViewModel.swift; path = "live-to-tilt/ViewModels/TestViewModel.swift"; sourceTree = SOURCE_ROOT; };
		72478EA427D73A8200B9140A /* GameRenderer.swift */ = {isa = PBXFileReference; lastKnownFileType = sourcecode.swift; name = GameRenderer.swift; path = "live-to-tilt/ViewModels/Utilities/GameRenderer.swift"; sourceTree = SOURCE_ROOT; };
		72478EA727D73B0500B9140A /* Constants.swift */ = {isa = PBXFileReference; lastKnownFileType = sourcecode.swift; path = Constants.swift; sourceTree = "<group>"; };
/* End PBXFileReference section */

/* Begin PBXFrameworksBuildPhase section */
		3D12D9C027D61D8500D01489 /* Frameworks */ = {
			isa = PBXFrameworksBuildPhase;
			buildActionMask = 2147483647;
			files = (
			);
			runOnlyForDeploymentPostprocessing = 0;
		};
/* End PBXFrameworksBuildPhase section */

/* Begin PBXGroup section */
		3D12D9BA27D61D8500D01489 = {
			isa = PBXGroup;
			children = (
				3D12D9C527D61D8500D01489 /* live-to-tilt */,
				3D12D9C427D61D8500D01489 /* Products */,
			);
			sourceTree = "<group>";
		};
		3D12D9C427D61D8500D01489 /* Products */ = {
			isa = PBXGroup;
			children = (
				3D12D9C327D61D8500D01489 /* live-to-tilt.app */,
			);
			name = Products;
			sourceTree = "<group>";
		};
		3D12D9C527D61D8500D01489 /* live-to-tilt */ = {
			isa = PBXGroup;
			children = (
				3D12D9D927D61F1C00D01489 /* AudioEngine */,
				3D12D9D827D61F1600D01489 /* PhysicsEngine */,
				3D12D9D727D61F0800D01489 /* GameEngine */,
				3D12D9D627D61F0300D01489 /* ViewModels */,
				3D12D9D527D61EF600D01489 /* Views */,
				3D12D9C627D61D8500D01489 /* Main.swift */,
				72478EA627D73AFA00B9140A /* Utilities */,
				3D12D9CA27D61D8800D01489 /* Assets.xcassets */,
				3D12D9CF27D61D8800D01489 /* Info.plist */,
				3D12D9CC27D61D8800D01489 /* Preview Content */,
			);
			path = "live-to-tilt";
			sourceTree = "<group>";
		};
		3D12D9CC27D61D8800D01489 /* Preview Content */ = {
			isa = PBXGroup;
			children = (
				3D12D9CD27D61D8800D01489 /* Preview Assets.xcassets */,
			);
			path = "Preview Content";
			sourceTree = "<group>";
		};
		3D12D9D527D61EF600D01489 /* Views */ = {
			isa = PBXGroup;
			children = (
				3D12D9C827D61D8500D01489 /* ContentView.swift */,
				3D13481027D8D86000D46B84 /* SettingsView.swift */,
			);
			path = Views;
			sourceTree = "<group>";
		};
		3D12D9D627D61F0300D01489 /* ViewModels */ = {
			isa = PBXGroup;
			children = (
				72478EA927D73C8D00B9140A /* Utilities */,
				72478EA227D739A500B9140A /* TestViewModel.swift */,
				3D13481227D8D89100D46B84 /* SettingsViewModel.swift */,
			);
			path = ViewModels;
			sourceTree = "<group>";
		};
		3D12D9D727D61F0800D01489 /* GameEngine */ = {
			isa = PBXGroup;
			children = (
				72478E8F27D70C6300B9140A /* Entities */,
				72478E9027D70C6A00B9140A /* Components */,
				72478E9127D70C6F00B9140A /* Systems */,
				72478E9C27D7363100B9140A /* GameEngine.swift */,
			);
			path = GameEngine;
			sourceTree = "<group>";
		};
		3D12D9D827D61F1600D01489 /* PhysicsEngine */ = {
			isa = PBXGroup;
			children = (
			);
			path = PhysicsEngine;
			sourceTree = "<group>";
		};
		3D12D9D927D61F1C00D01489 /* AudioEngine */ = {
			isa = PBXGroup;
			children = (
				3D13480527D8BDA900D46B84 /* Soundtrack.swift */,
				3D13480727D8BDDF00D46B84 /* AudioController.swift */,
			);
			path = AudioEngine;
			sourceTree = "<group>";
		};
		72478E8F27D70C6300B9140A /* Entities */ = {
			isa = PBXGroup;
			children = (
				72478E9227D70C9800B9140A /* Entity.swift */,
				72478E9827D7138900B9140A /* Nexus.swift */,
			);
			path = Entities;
			sourceTree = "<group>";
		};
		72478E9027D70C6A00B9140A /* Components */ = {
			isa = PBXGroup;
			children = (
				72478E9427D70DFE00B9140A /* Component.swift */,
				72478E9627D70E4200B9140A /* ComponentIdentifier.swift */,
				72478E9E27D736F200B9140A /* RenderableComponent.swift */,
			);
			path = Components;
			sourceTree = "<group>";
		};
		72478E9127D70C6F00B9140A /* Systems */ = {
			isa = PBXGroup;
			children = (
				72478E9A27D733DE00B9140A /* System.swift */,
			);
			path = Systems;
			sourceTree = "<group>";
		};
		72478EA627D73AFA00B9140A /* Utilities */ = {
			isa = PBXGroup;
			children = (
				3D13480C27D8C87400D46B84 /* UserDefaultsKey.swift */,
				72478EA727D73B0500B9140A /* Constants.swift */,
				3D13480E27D8CB7900D46B84 /* UserDefaults+Extensions.swift */,
				3D02FD4D27D8E83C0055ECF7 /* AVAudioPlayer+Extensions.swift */,
			);
			path = Utilities;
			sourceTree = "<group>";
		};
		72478EA927D73C8D00B9140A /* Utilities */ = {
			isa = PBXGroup;
			children = (
				72478EA427D73A8200B9140A /* GameRenderer.swift */,
			);
			path = Utilities;
			sourceTree = "<group>";
		};
/* End PBXGroup section */

/* Begin PBXNativeTarget section */
		3D12D9C227D61D8500D01489 /* live-to-tilt */ = {
			isa = PBXNativeTarget;
			buildConfigurationList = 3D12D9D227D61D8800D01489 /* Build configuration list for PBXNativeTarget "live-to-tilt" */;
			buildPhases = (
				3D12D9DA27D61FB100D01489 /* ShellScript */,
				3D12D9BF27D61D8500D01489 /* Sources */,
				3D12D9C027D61D8500D01489 /* Frameworks */,
				3D12D9C127D61D8500D01489 /* Resources */,
			);
			buildRules = (
			);
			dependencies = (
			);
			name = "live-to-tilt";
			productName = "live-to-tilt";
			productReference = 3D12D9C327D61D8500D01489 /* live-to-tilt.app */;
			productType = "com.apple.product-type.application";
		};
/* End PBXNativeTarget section */

/* Begin PBXProject section */
		3D12D9BB27D61D8500D01489 /* Project object */ = {
			isa = PBXProject;
			attributes = {
				LastSwiftUpdateCheck = 1250;
				LastUpgradeCheck = 1250;
				TargetAttributes = {
					3D12D9C227D61D8500D01489 = {
						CreatedOnToolsVersion = 12.5.1;
					};
				};
			};
			buildConfigurationList = 3D12D9BE27D61D8500D01489 /* Build configuration list for PBXProject "live-to-tilt" */;
			compatibilityVersion = "Xcode 9.3";
			developmentRegion = en;
			hasScannedForEncodings = 0;
			knownRegions = (
				en,
				Base,
			);
			mainGroup = 3D12D9BA27D61D8500D01489;
			productRefGroup = 3D12D9C427D61D8500D01489 /* Products */;
			projectDirPath = "";
			projectRoot = "";
			targets = (
				3D12D9C227D61D8500D01489 /* live-to-tilt */,
			);
		};
/* End PBXProject section */

/* Begin PBXResourcesBuildPhase section */
		3D12D9C127D61D8500D01489 /* Resources */ = {
			isa = PBXResourcesBuildPhase;
			buildActionMask = 2147483647;
			files = (
				3D12D9CE27D61D8800D01489 /* Preview Assets.xcassets in Resources */,
				3D12D9CB27D61D8800D01489 /* Assets.xcassets in Resources */,
			);
			runOnlyForDeploymentPostprocessing = 0;
		};
/* End PBXResourcesBuildPhase section */

/* Begin PBXShellScriptBuildPhase section */
		3D12D9DA27D61FB100D01489 /* ShellScript */ = {
			isa = PBXShellScriptBuildPhase;
			buildActionMask = 2147483647;
			files = (
			);
			inputFileListPaths = (
			);
			inputPaths = (
			);
			outputFileListPaths = (
			);
			outputPaths = (
			);
			runOnlyForDeploymentPostprocessing = 0;
			shellPath = /bin/sh;
			shellScript = "if test -d \"/opt/homebrew/bin/\"; then\n  PATH=\"/opt/homebrew/bin/:${PATH}\"\nfi\n\nexport PATH\n\nif which swiftlint >/dev/null; then\n  swiftlint --fix && swiftlint\nelse\n  echo \"warning: SwiftLint not installed, download from https://github.com/realm/SwiftLint\"\nfi\n";
		};
/* End PBXShellScriptBuildPhase section */

/* Begin PBXSourcesBuildPhase section */
		3D12D9BF27D61D8500D01489 /* Sources */ = {
			isa = PBXSourcesBuildPhase;
			buildActionMask = 2147483647;
			files = (
				3D13480D27D8C87400D46B84 /* UserDefaultsKey.swift in Sources */,
				3D13480827D8BDDF00D46B84 /* AudioController.swift in Sources */,
				72478E9727D70E4200B9140A /* ComponentIdentifier.swift in Sources */,
				3D13481127D8D86000D46B84 /* SettingsView.swift in Sources */,
				72478E9B27D733DE00B9140A /* System.swift in Sources */,
				3D12D9C927D61D8500D01489 /* ContentView.swift in Sources */,
				72478EA327D739A500B9140A /* TestViewModel.swift in Sources */,
				72478E9F27D736F200B9140A /* RenderableComponent.swift in Sources */,
				72478EA527D73A8200B9140A /* GameRenderer.swift in Sources */,
				72478E9D27D7363100B9140A /* GameEngine.swift in Sources */,
				72478EA827D73B0500B9140A /* Constants.swift in Sources */,
				3D02FD4E27D8E83C0055ECF7 /* AVAudioPlayer+Extensions.swift in Sources */,
				3D13480F27D8CB7900D46B84 /* UserDefaults+Extensions.swift in Sources */,
				72478E9527D70DFE00B9140A /* Component.swift in Sources */,
				72478E9927D7138900B9140A /* Nexus.swift in Sources */,
				3D13480627D8BDA900D46B84 /* Soundtrack.swift in Sources */,
				3D12D9C727D61D8500D01489 /* Main.swift in Sources */,
				72478E9327D70C9800B9140A /* Entity.swift in Sources */,
				3D13481327D8D89100D46B84 /* SettingsViewModel.swift in Sources */,
			);
			runOnlyForDeploymentPostprocessing = 0;
		};
/* End PBXSourcesBuildPhase section */

/* Begin XCBuildConfiguration section */
		3D12D9D027D61D8800D01489 /* Debug */ = {
			isa = XCBuildConfiguration;
			buildSettings = {
				ALWAYS_SEARCH_USER_PATHS = NO;
				CLANG_ANALYZER_NONNULL = YES;
				CLANG_ANALYZER_NUMBER_OBJECT_CONVERSION = YES_AGGRESSIVE;
				CLANG_CXX_LANGUAGE_STANDARD = "gnu++14";
				CLANG_CXX_LIBRARY = "libc++";
				CLANG_ENABLE_MODULES = YES;
				CLANG_ENABLE_OBJC_ARC = YES;
				CLANG_ENABLE_OBJC_WEAK = YES;
				CLANG_WARN_BLOCK_CAPTURE_AUTORELEASING = YES;
				CLANG_WARN_BOOL_CONVERSION = YES;
				CLANG_WARN_COMMA = YES;
				CLANG_WARN_CONSTANT_CONVERSION = YES;
				CLANG_WARN_DEPRECATED_OBJC_IMPLEMENTATIONS = YES;
				CLANG_WARN_DIRECT_OBJC_ISA_USAGE = YES_ERROR;
				CLANG_WARN_DOCUMENTATION_COMMENTS = YES;
				CLANG_WARN_EMPTY_BODY = YES;
				CLANG_WARN_ENUM_CONVERSION = YES;
				CLANG_WARN_INFINITE_RECURSION = YES;
				CLANG_WARN_INT_CONVERSION = YES;
				CLANG_WARN_NON_LITERAL_NULL_CONVERSION = YES;
				CLANG_WARN_OBJC_IMPLICIT_RETAIN_SELF = YES;
				CLANG_WARN_OBJC_LITERAL_CONVERSION = YES;
				CLANG_WARN_OBJC_ROOT_CLASS = YES_ERROR;
				CLANG_WARN_QUOTED_INCLUDE_IN_FRAMEWORK_HEADER = YES;
				CLANG_WARN_RANGE_LOOP_ANALYSIS = YES;
				CLANG_WARN_STRICT_PROTOTYPES = YES;
				CLANG_WARN_SUSPICIOUS_MOVE = YES;
				CLANG_WARN_UNGUARDED_AVAILABILITY = YES_AGGRESSIVE;
				CLANG_WARN_UNREACHABLE_CODE = YES;
				CLANG_WARN__DUPLICATE_METHOD_MATCH = YES;
				COPY_PHASE_STRIP = NO;
				DEBUG_INFORMATION_FORMAT = dwarf;
				ENABLE_STRICT_OBJC_MSGSEND = YES;
				ENABLE_TESTABILITY = YES;
				GCC_C_LANGUAGE_STANDARD = gnu11;
				GCC_DYNAMIC_NO_PIC = NO;
				GCC_NO_COMMON_BLOCKS = YES;
				GCC_OPTIMIZATION_LEVEL = 0;
				GCC_PREPROCESSOR_DEFINITIONS = (
					"DEBUG=1",
					"$(inherited)",
				);
				GCC_WARN_64_TO_32_BIT_CONVERSION = YES;
				GCC_WARN_ABOUT_RETURN_TYPE = YES_ERROR;
				GCC_WARN_UNDECLARED_SELECTOR = YES;
				GCC_WARN_UNINITIALIZED_AUTOS = YES_AGGRESSIVE;
				GCC_WARN_UNUSED_FUNCTION = YES;
				GCC_WARN_UNUSED_VARIABLE = YES;
				IPHONEOS_DEPLOYMENT_TARGET = 14.5;
				MTL_ENABLE_DEBUG_INFO = INCLUDE_SOURCE;
				MTL_FAST_MATH = YES;
				ONLY_ACTIVE_ARCH = YES;
				SDKROOT = iphoneos;
				SWIFT_ACTIVE_COMPILATION_CONDITIONS = DEBUG;
				SWIFT_OPTIMIZATION_LEVEL = "-Onone";
			};
			name = Debug;
		};
		3D12D9D127D61D8800D01489 /* Release */ = {
			isa = XCBuildConfiguration;
			buildSettings = {
				ALWAYS_SEARCH_USER_PATHS = NO;
				CLANG_ANALYZER_NONNULL = YES;
				CLANG_ANALYZER_NUMBER_OBJECT_CONVERSION = YES_AGGRESSIVE;
				CLANG_CXX_LANGUAGE_STANDARD = "gnu++14";
				CLANG_CXX_LIBRARY = "libc++";
				CLANG_ENABLE_MODULES = YES;
				CLANG_ENABLE_OBJC_ARC = YES;
				CLANG_ENABLE_OBJC_WEAK = YES;
				CLANG_WARN_BLOCK_CAPTURE_AUTORELEASING = YES;
				CLANG_WARN_BOOL_CONVERSION = YES;
				CLANG_WARN_COMMA = YES;
				CLANG_WARN_CONSTANT_CONVERSION = YES;
				CLANG_WARN_DEPRECATED_OBJC_IMPLEMENTATIONS = YES;
				CLANG_WARN_DIRECT_OBJC_ISA_USAGE = YES_ERROR;
				CLANG_WARN_DOCUMENTATION_COMMENTS = YES;
				CLANG_WARN_EMPTY_BODY = YES;
				CLANG_WARN_ENUM_CONVERSION = YES;
				CLANG_WARN_INFINITE_RECURSION = YES;
				CLANG_WARN_INT_CONVERSION = YES;
				CLANG_WARN_NON_LITERAL_NULL_CONVERSION = YES;
				CLANG_WARN_OBJC_IMPLICIT_RETAIN_SELF = YES;
				CLANG_WARN_OBJC_LITERAL_CONVERSION = YES;
				CLANG_WARN_OBJC_ROOT_CLASS = YES_ERROR;
				CLANG_WARN_QUOTED_INCLUDE_IN_FRAMEWORK_HEADER = YES;
				CLANG_WARN_RANGE_LOOP_ANALYSIS = YES;
				CLANG_WARN_STRICT_PROTOTYPES = YES;
				CLANG_WARN_SUSPICIOUS_MOVE = YES;
				CLANG_WARN_UNGUARDED_AVAILABILITY = YES_AGGRESSIVE;
				CLANG_WARN_UNREACHABLE_CODE = YES;
				CLANG_WARN__DUPLICATE_METHOD_MATCH = YES;
				COPY_PHASE_STRIP = NO;
				DEBUG_INFORMATION_FORMAT = "dwarf-with-dsym";
				ENABLE_NS_ASSERTIONS = NO;
				ENABLE_STRICT_OBJC_MSGSEND = YES;
				GCC_C_LANGUAGE_STANDARD = gnu11;
				GCC_NO_COMMON_BLOCKS = YES;
				GCC_WARN_64_TO_32_BIT_CONVERSION = YES;
				GCC_WARN_ABOUT_RETURN_TYPE = YES_ERROR;
				GCC_WARN_UNDECLARED_SELECTOR = YES;
				GCC_WARN_UNINITIALIZED_AUTOS = YES_AGGRESSIVE;
				GCC_WARN_UNUSED_FUNCTION = YES;
				GCC_WARN_UNUSED_VARIABLE = YES;
				IPHONEOS_DEPLOYMENT_TARGET = 14.5;
				MTL_ENABLE_DEBUG_INFO = NO;
				MTL_FAST_MATH = YES;
				SDKROOT = iphoneos;
				SWIFT_COMPILATION_MODE = wholemodule;
				SWIFT_OPTIMIZATION_LEVEL = "-O";
				VALIDATE_PRODUCT = YES;
			};
			name = Release;
		};
		3D12D9D327D61D8800D01489 /* Debug */ = {
			isa = XCBuildConfiguration;
			buildSettings = {
				ASSETCATALOG_COMPILER_APPICON_NAME = AppIcon;
				ASSETCATALOG_COMPILER_GLOBAL_ACCENT_COLOR_NAME = AccentColor;
				CODE_SIGN_STYLE = Automatic;
				DEVELOPMENT_ASSET_PATHS = "\"live-to-tilt/Preview Content\"";
				DEVELOPMENT_TEAM = R6RNQ337X4;
				ENABLE_PREVIEWS = YES;
				INFOPLIST_FILE = "live-to-tilt/Info.plist";
				IPHONEOS_DEPLOYMENT_TARGET = 14.0;
				LD_RUNPATH_SEARCH_PATHS = (
					"$(inherited)",
					"@executable_path/Frameworks",
				);
				PRODUCT_BUNDLE_IDENTIFIER = "com.cs3217.live-to-tilt";
				PRODUCT_NAME = "$(TARGET_NAME)";
				SWIFT_VERSION = 5.0;
				TARGETED_DEVICE_FAMILY = "1,2";
			};
			name = Debug;
		};
		3D12D9D427D61D8800D01489 /* Release */ = {
			isa = XCBuildConfiguration;
			buildSettings = {
				ASSETCATALOG_COMPILER_APPICON_NAME = AppIcon;
				ASSETCATALOG_COMPILER_GLOBAL_ACCENT_COLOR_NAME = AccentColor;
				CODE_SIGN_STYLE = Automatic;
				DEVELOPMENT_ASSET_PATHS = "\"live-to-tilt/Preview Content\"";
				DEVELOPMENT_TEAM = R6RNQ337X4;
				ENABLE_PREVIEWS = YES;
				INFOPLIST_FILE = "live-to-tilt/Info.plist";
				IPHONEOS_DEPLOYMENT_TARGET = 14.0;
				LD_RUNPATH_SEARCH_PATHS = (
					"$(inherited)",
					"@executable_path/Frameworks",
				);
				PRODUCT_BUNDLE_IDENTIFIER = "com.cs3217.live-to-tilt";
				PRODUCT_NAME = "$(TARGET_NAME)";
				SWIFT_VERSION = 5.0;
				TARGETED_DEVICE_FAMILY = "1,2";
			};
			name = Release;
		};
/* End XCBuildConfiguration section */

/* Begin XCConfigurationList section */
		3D12D9BE27D61D8500D01489 /* Build configuration list for PBXProject "live-to-tilt" */ = {
			isa = XCConfigurationList;
			buildConfigurations = (
				3D12D9D027D61D8800D01489 /* Debug */,
				3D12D9D127D61D8800D01489 /* Release */,
			);
			defaultConfigurationIsVisible = 0;
			defaultConfigurationName = Release;
		};
		3D12D9D227D61D8800D01489 /* Build configuration list for PBXNativeTarget "live-to-tilt" */ = {
			isa = XCConfigurationList;
			buildConfigurations = (
				3D12D9D327D61D8800D01489 /* Debug */,
				3D12D9D427D61D8800D01489 /* Release */,
			);
			defaultConfigurationIsVisible = 0;
			defaultConfigurationName = Release;
		};
/* End XCConfigurationList section */
	};
	rootObject = 3D12D9BB27D61D8500D01489 /* Project object */;
}
