// !$*UTF8*$!
{
	archiveVersion = 1;
	classes = {
	};
	objectVersion = 50;
	objects = {

/* Begin PBXBuildFile section */
		2105E6F227E4D0C50010195B /* PowerupEffect.swift in Sources */ = {isa = PBXBuildFile; fileRef = 2105E6F127E4D0C50010195B /* PowerupEffect.swift */; };
		2105E6F427E4D0ED0010195B /* NukeEffect.swift in Sources */ = {isa = PBXBuildFile; fileRef = 2105E6F327E4D0ED0010195B /* NukeEffect.swift */; };
		2106AA4427F5B021005EBB62 /* EnemySystem.swift in Sources */ = {isa = PBXBuildFile; fileRef = 2106AA4327F5B021005EBB62 /* EnemySystem.swift */; };
		2106AA4627F5D61C005EBB62 /* LightsaberEffect.swift in Sources */ = {isa = PBXBuildFile; fileRef = 2106AA4527F5D61C005EBB62 /* LightsaberEffect.swift */; };
		2106F83E27DF497400FA25D2 /* TitleText.swift in Sources */ = {isa = PBXBuildFile; fileRef = 2106F83D27DF497400FA25D2 /* TitleText.swift */; };
		2106F84027DF4AA700FA25D2 /* HeadingOneText.swift in Sources */ = {isa = PBXBuildFile; fileRef = 2106F83F27DF4AA700FA25D2 /* HeadingOneText.swift */; };
		2106F84427DF50A100FA25D2 /* RootView.swift in Sources */ = {isa = PBXBuildFile; fileRef = 2106F84327DF50A100FA25D2 /* RootView.swift */; };
		214E15A027F9767F00815A35 /* ComboComponent.swift in Sources */ = {isa = PBXBuildFile; fileRef = 214E159F27F9767F00815A35 /* ComboComponent.swift */; };
		2184B3D427E398C9007A4068 /* PowerupComponent.swift in Sources */ = {isa = PBXBuildFile; fileRef = 2184B3D327E398C9007A4068 /* PowerupComponent.swift */; };
		2184B3D627E39D14007A4068 /* PowerupSystem.swift in Sources */ = {isa = PBXBuildFile; fileRef = 2184B3D527E39D14007A4068 /* PowerupSystem.swift */; };
		21AFD20C27DE382900250CF1 /* GameArenaView.swift in Sources */ = {isa = PBXBuildFile; fileRef = 21AFD20B27DE382900250CF1 /* GameArenaView.swift */; };
		21B52E4627E48DBB00E61808 /* README.md in Resources */ = {isa = PBXBuildFile; fileRef = 21B52E4527E48DBB00E61808 /* README.md */; };
		21BBC8F627E1C65B00C4B5D5 /* CGPoint+Extensions.swift in Sources */ = {isa = PBXBuildFile; fileRef = DBEC91E427D7B8A300B0E750 /* CGPoint+Extensions.swift */; };
		21BBC8F727E1C66000C4B5D5 /* CollisionPoints.swift in Sources */ = {isa = PBXBuildFile; fileRef = DBEC91DF27D7B8A300B0E750 /* CollisionPoints.swift */; };
		21BBC8F827E1C66700C4B5D5 /* GameArenaViewModel.swift in Sources */ = {isa = PBXBuildFile; fileRef = 72478EA227D739A500B9140A /* GameArenaViewModel.swift */; };
		21BBC8F927E1C66B00C4B5D5 /* MainMenuView.swift in Sources */ = {isa = PBXBuildFile; fileRef = 3D12D9C827D61D8500D01489 /* MainMenuView.swift */; };
		21DB9E3927F8342C008AF29A /* AttachMovementDecorator.swift in Sources */ = {isa = PBXBuildFile; fileRef = 21DB9E3827F8342C008AF29A /* AttachMovementDecorator.swift */; };
		21DB9E3D27F85B02008AF29A /* ComboSystem.swift in Sources */ = {isa = PBXBuildFile; fileRef = 21DB9E3C27F85B02008AF29A /* ComboSystem.swift */; };
		21DB9E4327F8B67E008AF29A /* ScoreSystem.swift in Sources */ = {isa = PBXBuildFile; fileRef = 21DB9E4227F8B67E008AF29A /* ScoreSystem.swift */; };
		3D05CF8B27E5B0FD00494286 /* MainMenuViewModel.swift in Sources */ = {isa = PBXBuildFile; fileRef = 3D05CF8A27E5B0FD00494286 /* MainMenuViewModel.swift */; };
		3D12D9C727D61D8500D01489 /* Main.swift in Sources */ = {isa = PBXBuildFile; fileRef = 3D12D9C627D61D8500D01489 /* Main.swift */; };
		3D12D9CB27D61D8800D01489 /* Assets.xcassets in Resources */ = {isa = PBXBuildFile; fileRef = 3D12D9CA27D61D8800D01489 /* Assets.xcassets */; };
		3D12D9CE27D61D8800D01489 /* Preview Assets.xcassets in Resources */ = {isa = PBXBuildFile; fileRef = 3D12D9CD27D61D8800D01489 /* Preview Assets.xcassets */; };
		3D13480827D8BDDF00D46B84 /* AudioController.swift in Sources */ = {isa = PBXBuildFile; fileRef = 3D13480727D8BDDF00D46B84 /* AudioController.swift */; };
		3D13480D27D8C87400D46B84 /* UserDefaultsKey.swift in Sources */ = {isa = PBXBuildFile; fileRef = 3D13480C27D8C87400D46B84 /* UserDefaultsKey.swift */; };
		3D13481327D8D89100D46B84 /* SettingsViewModel.swift in Sources */ = {isa = PBXBuildFile; fileRef = 3D13481227D8D89100D46B84 /* SettingsViewModel.swift */; };
		3D2B39DD27F6E66600693B3B /* GameModeSelectionView.swift in Sources */ = {isa = PBXBuildFile; fileRef = 3D2B39DC27F6E66600693B3B /* GameModeSelectionView.swift */; };
		3D2B39E327F7EDF400693B3B /* StraightWave.swift in Sources */ = {isa = PBXBuildFile; fileRef = 3D2B39E227F7EDF400693B3B /* StraightWave.swift */; };
		3D2B39ED27F88C3B00693B3B /* MovementDecorator.swift in Sources */ = {isa = PBXBuildFile; fileRef = 3D2B39EC27F88C3B00693B3B /* MovementDecorator.swift */; };
		3D55387627E2115D00DF45C2 /* EnemyComponent.swift in Sources */ = {isa = PBXBuildFile; fileRef = 3D55387527E2115D00DF45C2 /* EnemyComponent.swift */; };
		3D55387827E22FD800DF45C2 /* WaveSystem.swift in Sources */ = {isa = PBXBuildFile; fileRef = 3D55387727E22FD800DF45C2 /* WaveSystem.swift */; };
		3D55387A27E230B600DF45C2 /* MovementSystem.swift in Sources */ = {isa = PBXBuildFile; fileRef = 3D55387927E230B600DF45C2 /* MovementSystem.swift */; };
		3D7AABB327DA4BD6007DAE9E /* Layer.swift in Sources */ = {isa = PBXBuildFile; fileRef = 3D7AABB227DA4BD6007DAE9E /* Layer.swift */; };
		3DA4B1D527EF6E3000FE19B2 /* GameMode.swift in Sources */ = {isa = PBXBuildFile; fileRef = 3DA4B1D427EF6E3000FE19B2 /* GameMode.swift */; };
		3DA4B1E827F00B6600FE19B2 /* WaveManagerComponent.swift in Sources */ = {isa = PBXBuildFile; fileRef = 3DA4B1E727F00B6600FE19B2 /* WaveManagerComponent.swift */; };
		3DA4B1EC27F00D7000FE19B2 /* WaveManager.swift in Sources */ = {isa = PBXBuildFile; fileRef = 3DA4B1EB27F00D7000FE19B2 /* WaveManager.swift */; };
		3DA4B1EE27F00D8700FE19B2 /* SurvivalWaveManager.swift in Sources */ = {isa = PBXBuildFile; fileRef = 3DA4B1ED27F00D8700FE19B2 /* SurvivalWaveManager.swift */; };
		3DA4B1F027F00DAE00FE19B2 /* GauntletWaveManager.swift in Sources */ = {isa = PBXBuildFile; fileRef = 3DA4B1EF27F00DAE00FE19B2 /* GauntletWaveManager.swift */; };
		3DA4B1FB27F029F200FE19B2 /* Array+Extensions.swift in Sources */ = {isa = PBXBuildFile; fileRef = 3DA4B1FA27F029F200FE19B2 /* Array+Extensions.swift */; };
		3DAEBC8327EA33A0007862FF /* GameStateComponent.swift in Sources */ = {isa = PBXBuildFile; fileRef = 3DAEBC8227EA33A0007862FF /* GameStateComponent.swift */; };
		3DB3741827F43B7E0053F400 /* DirectionalMovementDecorator.swift in Sources */ = {isa = PBXBuildFile; fileRef = 3DB3741727F43B7E0053F400 /* DirectionalMovementDecorator.swift */; };
		3DB3741A27F4400F0053F400 /* HorizontalWave.swift in Sources */ = {isa = PBXBuildFile; fileRef = 3DB3741927F4400F0053F400 /* HorizontalWave.swift */; };
		3DB3742027F457CB0053F400 /* ConnectedMovement.swift in Sources */ = {isa = PBXBuildFile; fileRef = 3DB3741F27F457CB0053F400 /* ConnectedMovement.swift */; };
		3DB3742227F4B1200053F400 /* CopyMovementDecorator.swift in Sources */ = {isa = PBXBuildFile; fileRef = 3DB3742127F4B1200053F400 /* CopyMovementDecorator.swift */; };
		3DBBF53527DA25DC0039557D /* ImageAsset.swift in Sources */ = {isa = PBXBuildFile; fileRef = 3DBBF53427DA25DC0039557D /* ImageAsset.swift */; };
		3DC0F28427EB0239001D54E4 /* MovementComponent.swift in Sources */ = {isa = PBXBuildFile; fileRef = 3DC0F28327EB0239001D54E4 /* MovementComponent.swift */; };
		3DC7BC7B27E3911F00994C18 /* Movement.swift in Sources */ = {isa = PBXBuildFile; fileRef = 3DC7BC7A27E3911F00994C18 /* Movement.swift */; };
		3DC7BC7D27E3923C00994C18 /* HomingMovementDecorator.swift in Sources */ = {isa = PBXBuildFile; fileRef = 3DC7BC7C27E3923C00994C18 /* HomingMovementDecorator.swift */; };
		3DC7BC8127E4356900994C18 /* BaseMovement.swift in Sources */ = {isa = PBXBuildFile; fileRef = 3DC7BC8027E4356900994C18 /* BaseMovement.swift */; };
		3DCEAA5827E3062F008ADF6D /* Wave.swift in Sources */ = {isa = PBXBuildFile; fileRef = 3DCEAA5727E3062F008ADF6D /* Wave.swift */; };
		3DCEAA5A27E306A3008ADF6D /* RandomWave.swift in Sources */ = {isa = PBXBuildFile; fileRef = 3DCEAA5927E306A3008ADF6D /* RandomWave.swift */; };
		7230521027F2C64C00AD753D /* PauseMenuView.swift in Sources */ = {isa = PBXBuildFile; fileRef = 7230520F27F2C64C00AD753D /* PauseMenuView.swift */; };
		7230521227F2D52700AD753D /* GameOverMenuView.swift in Sources */ = {isa = PBXBuildFile; fileRef = 7230521127F2D52700AD753D /* GameOverMenuView.swift */; };
		7230521427F2D80500AD753D /* MenuButton.swift in Sources */ = {isa = PBXBuildFile; fileRef = 7230521327F2D80500AD753D /* MenuButton.swift */; };
		7230521627F2EB7700AD753D /* MenuLayout.swift in Sources */ = {isa = PBXBuildFile; fileRef = 7230521527F2EB7700AD753D /* MenuLayout.swift */; };
		7230521827F2EE0600AD753D /* MenuIcon.swift in Sources */ = {isa = PBXBuildFile; fileRef = 7230521727F2EE0600AD753D /* MenuIcon.swift */; };
		7234865027E1DC210041265C /* Nexus+Extensions.swift in Sources */ = {isa = PBXBuildFile; fileRef = 7234864F27E1DC210041265C /* Nexus+Extensions.swift */; };
		723DEFD427E1DF9F00592922 /* LazyView.swift in Sources */ = {isa = PBXBuildFile; fileRef = 723DEFD327E1DF9F00592922 /* LazyView.swift */; };
		723DEFD627E1E27700592922 /* PlayerComponent.swift in Sources */ = {isa = PBXBuildFile; fileRef = 723DEFD527E1E27700592922 /* PlayerComponent.swift */; };
		723EE8B127E8C13D001BD0D4 /* MenuItemText.swift in Sources */ = {isa = PBXBuildFile; fileRef = 723EE8B027E8C13D001BD0D4 /* MenuItemText.swift */; };
		723EE8B327E8C217001BD0D4 /* HeroText.swift in Sources */ = {isa = PBXBuildFile; fileRef = 723EE8B227E8C217001BD0D4 /* HeroText.swift */; };
		723EE8B527E8CFDD001BD0D4 /* InfoText.swift in Sources */ = {isa = PBXBuildFile; fileRef = 723EE8B427E8CFDD001BD0D4 /* InfoText.swift */; };
		72478E9327D70C9800B9140A /* Entity.swift in Sources */ = {isa = PBXBuildFile; fileRef = 72478E9227D70C9800B9140A /* Entity.swift */; };
		72478E9527D70DFE00B9140A /* Component.swift in Sources */ = {isa = PBXBuildFile; fileRef = 72478E9427D70DFE00B9140A /* Component.swift */; };
		72478E9727D70E4200B9140A /* ComponentIdentifier.swift in Sources */ = {isa = PBXBuildFile; fileRef = 72478E9627D70E4200B9140A /* ComponentIdentifier.swift */; };
		72478E9927D7138900B9140A /* Nexus.swift in Sources */ = {isa = PBXBuildFile; fileRef = 72478E9827D7138900B9140A /* Nexus.swift */; };
		72478E9B27D733DE00B9140A /* System.swift in Sources */ = {isa = PBXBuildFile; fileRef = 72478E9A27D733DE00B9140A /* System.swift */; };
		72478E9D27D7363100B9140A /* GameEngine.swift in Sources */ = {isa = PBXBuildFile; fileRef = 72478E9C27D7363100B9140A /* GameEngine.swift */; };
		72478E9F27D736F200B9140A /* RenderableComponent.swift in Sources */ = {isa = PBXBuildFile; fileRef = 72478E9E27D736F200B9140A /* RenderableComponent.swift */; };
		72478EA527D73A8200B9140A /* GameRenderer.swift in Sources */ = {isa = PBXBuildFile; fileRef = 72478EA427D73A8200B9140A /* GameRenderer.swift */; };
		72478EA827D73B0500B9140A /* Constants.swift in Sources */ = {isa = PBXBuildFile; fileRef = 72478EA727D73B0500B9140A /* Constants.swift */; };
		726E12E927E0A6F4002728B7 /* KeyBinding.swift in Sources */ = {isa = PBXBuildFile; fileRef = 726E12E827E0A6F4002728B7 /* KeyBinding.swift */; };
		726EBD0527DD9C7700FAF2C0 /* CMAcceleration+Extensions.swift in Sources */ = {isa = PBXBuildFile; fileRef = 726EBD0427DD9C7700FAF2C0 /* CMAcceleration+Extensions.swift */; };
		726EBD0727DDA8AB00FAF2C0 /* GameControlManager.swift in Sources */ = {isa = PBXBuildFile; fileRef = 726EBD0627DDA8AB00FAF2C0 /* GameControlManager.swift */; };
		72742DC827DD954A0033F06B /* GameControlView.swift in Sources */ = {isa = PBXBuildFile; fileRef = 72742DC727DD954A0033F06B /* GameControlView.swift */; };
		72774A8927DB797A00B0E1DD /* KeyboardControl.swift in Sources */ = {isa = PBXBuildFile; fileRef = 72774A8827DB797A00B0E1DD /* KeyboardControl.swift */; };
		72B6309E27EC1CBD004C5238 /* CollisionSystem.swift in Sources */ = {isa = PBXBuildFile; fileRef = 72B6309D27EC1CBD004C5238 /* CollisionSystem.swift */; };
		72B630A027EC20B9004C5238 /* CollisionComponent.swift in Sources */ = {isa = PBXBuildFile; fileRef = 72B6309F27EC20B9004C5238 /* CollisionComponent.swift */; };
		72EC6AA927E2DBF700FCCB7E /* PhysicsComponent.swift in Sources */ = {isa = PBXBuildFile; fileRef = 72EC6AA827E2DBF700FCCB7E /* PhysicsComponent.swift */; };
		72EC6AAB27E2EA0600FCCB7E /* PlayerSystem.swift in Sources */ = {isa = PBXBuildFile; fileRef = 72EC6AAA27E2EA0600FCCB7E /* PlayerSystem.swift */; };
		72EC6AAD27E2EC3200FCCB7E /* PhysicsSystem.swift in Sources */ = {isa = PBXBuildFile; fileRef = 72EC6AAC27E2EC3200FCCB7E /* PhysicsSystem.swift */; };
		DB0A621527EDA4730033E23B /* EventManager.swift in Sources */ = {isa = PBXBuildFile; fileRef = DB0A621427EDA4730033E23B /* EventManager.swift */; };
		DB77AF3327EEC41100F8DE4C /* EventInfo.swift in Sources */ = {isa = PBXBuildFile; fileRef = DB77AF3227EEC41100F8DE4C /* EventInfo.swift */; };
		DB88975E27DC360E00F72B9C /* PhysicsConstants.swift in Sources */ = {isa = PBXBuildFile; fileRef = DB88975D27DC360E00F72B9C /* PhysicsConstants.swift */; };
		DB88975F27DC39FF00F72B9C /* Soundtrack.swift in Sources */ = {isa = PBXBuildFile; fileRef = 3D13480527D8BDA900D46B84 /* Soundtrack.swift */; };
		DB88976027DC3A1700F72B9C /* GameControl.swift in Sources */ = {isa = PBXBuildFile; fileRef = 7215CD4627DB63D800A26752 /* GameControl.swift */; };
		DB88976127DC3A1E00F72B9C /* SettingsView.swift in Sources */ = {isa = PBXBuildFile; fileRef = 3D13481027D8D86000D46B84 /* SettingsView.swift */; };
		DB88976227DC3A4000F72B9C /* AccelerometerControl.swift in Sources */ = {isa = PBXBuildFile; fileRef = 7215CD4927DB661C00A26752 /* AccelerometerControl.swift */; };
		DB88976427DC3AD100F72B9C /* UserDefaults+Extensions.swift in Sources */ = {isa = PBXBuildFile; fileRef = 3D13480E27D8CB7900D46B84 /* UserDefaults+Extensions.swift */; };
		DB88976527DC3ADD00F72B9C /* AVAudioPlayer+Extensions.swift in Sources */ = {isa = PBXBuildFile; fileRef = 3D02FD4D27D8E83C0055ECF7 /* AVAudioPlayer+Extensions.swift */; };
		DBB8932D27E8CD1700D61D72 /* GameStats.swift in Sources */ = {isa = PBXBuildFile; fileRef = DBB8932C27E8CD1700D61D72 /* GameStats.swift */; };
		DBB8933727EC7AD600D61D72 /* Event.swift in Sources */ = {isa = PBXBuildFile; fileRef = DBB8933627EC7AD600D61D72 /* Event.swift */; };
		DBB8933927EC83AB00D61D72 /* Notification.Name+Extensions.swift in Sources */ = {isa = PBXBuildFile; fileRef = DBB8933827EC83AB00D61D72 /* Notification.Name+Extensions.swift */; };
		DBEC91E727D7B8A300B0E750 /* CGFloat+Extensions.swift in Sources */ = {isa = PBXBuildFile; fileRef = DBEC91D827D7B8A300B0E750 /* CGFloat+Extensions.swift */; };
		DBEC91E927D7B8A300B0E750 /* PhysicsBody.swift in Sources */ = {isa = PBXBuildFile; fileRef = DBEC91DA27D7B8A300B0E750 /* PhysicsBody.swift */; };
		DBEC91EA27D7B8A300B0E750 /* Collision.swift in Sources */ = {isa = PBXBuildFile; fileRef = DBEC91DB27D7B8A300B0E750 /* Collision.swift */; };
		DBEC91EB27D7B8A300B0E750 /* CGSize+Extensions.swift in Sources */ = {isa = PBXBuildFile; fileRef = DBEC91DC27D7B8A300B0E750 /* CGSize+Extensions.swift */; };
		DBEC91EC27D7B8A300B0E750 /* Shape.swift in Sources */ = {isa = PBXBuildFile; fileRef = DBEC91DD27D7B8A300B0E750 /* Shape.swift */; };
		DBEC91ED27D7B8A300B0E750 /* RectangleCollider.swift in Sources */ = {isa = PBXBuildFile; fileRef = DBEC91DE27D7B8A300B0E750 /* RectangleCollider.swift */; };
		DBEC91EF27D7B8A300B0E750 /* CGVector+Extensions.swift in Sources */ = {isa = PBXBuildFile; fileRef = DBEC91E027D7B8A300B0E750 /* CGVector+Extensions.swift */; };
		DBEC91F027D7B8A300B0E750 /* PhysicsWorld.swift in Sources */ = {isa = PBXBuildFile; fileRef = DBEC91E127D7B8A300B0E750 /* PhysicsWorld.swift */; };
		DBEC91F127D7B8A300B0E750 /* CircleCollider.swift in Sources */ = {isa = PBXBuildFile; fileRef = DBEC91E227D7B8A300B0E750 /* CircleCollider.swift */; };
		DBEC91F527D7B8A300B0E750 /* Collider.swift in Sources */ = {isa = PBXBuildFile; fileRef = DBEC91E627D7B8A300B0E750 /* Collider.swift */; };
		DBEC91F827D8F92200B0E750 /* PhysicsCollisionDelegate.swift in Sources */ = {isa = PBXBuildFile; fileRef = DBEC91F727D8F92200B0E750 /* PhysicsCollisionDelegate.swift */; };
/* End PBXBuildFile section */

/* Begin PBXFileReference section */
		2105E6F127E4D0C50010195B /* PowerupEffect.swift */ = {isa = PBXFileReference; lastKnownFileType = sourcecode.swift; path = PowerupEffect.swift; sourceTree = "<group>"; };
		2105E6F327E4D0ED0010195B /* NukeEffect.swift */ = {isa = PBXFileReference; lastKnownFileType = sourcecode.swift; path = NukeEffect.swift; sourceTree = "<group>"; };
		2106AA4327F5B021005EBB62 /* EnemySystem.swift */ = {isa = PBXFileReference; fileEncoding = 4; lastKnownFileType = sourcecode.swift; path = EnemySystem.swift; sourceTree = "<group>"; };
		2106AA4527F5D61C005EBB62 /* LightsaberEffect.swift */ = {isa = PBXFileReference; lastKnownFileType = sourcecode.swift; path = LightsaberEffect.swift; sourceTree = "<group>"; };
		2106F83D27DF497400FA25D2 /* TitleText.swift */ = {isa = PBXFileReference; fileEncoding = 4; lastKnownFileType = sourcecode.swift; path = TitleText.swift; sourceTree = "<group>"; };
		2106F83F27DF4AA700FA25D2 /* HeadingOneText.swift */ = {isa = PBXFileReference; fileEncoding = 4; lastKnownFileType = sourcecode.swift; path = HeadingOneText.swift; sourceTree = "<group>"; };
		2106F84327DF50A100FA25D2 /* RootView.swift */ = {isa = PBXFileReference; fileEncoding = 4; lastKnownFileType = sourcecode.swift; path = RootView.swift; sourceTree = "<group>"; };
		214E159F27F9767F00815A35 /* ComboComponent.swift */ = {isa = PBXFileReference; lastKnownFileType = sourcecode.swift; path = ComboComponent.swift; sourceTree = "<group>"; };
		2184B3D327E398C9007A4068 /* PowerupComponent.swift */ = {isa = PBXFileReference; lastKnownFileType = sourcecode.swift; path = PowerupComponent.swift; sourceTree = "<group>"; };
		2184B3D527E39D14007A4068 /* PowerupSystem.swift */ = {isa = PBXFileReference; lastKnownFileType = sourcecode.swift; path = PowerupSystem.swift; sourceTree = "<group>"; };
		21AFD20B27DE382900250CF1 /* GameArenaView.swift */ = {isa = PBXFileReference; lastKnownFileType = sourcecode.swift; path = GameArenaView.swift; sourceTree = "<group>"; };
		21B52E4527E48DBB00E61808 /* README.md */ = {isa = PBXFileReference; fileEncoding = 4; lastKnownFileType = net.daringfireball.markdown; path = README.md; sourceTree = "<group>"; };
		21DB9E3827F8342C008AF29A /* AttachMovementDecorator.swift */ = {isa = PBXFileReference; lastKnownFileType = sourcecode.swift; path = AttachMovementDecorator.swift; sourceTree = "<group>"; };
		21DB9E3C27F85B02008AF29A /* ComboSystem.swift */ = {isa = PBXFileReference; lastKnownFileType = sourcecode.swift; path = ComboSystem.swift; sourceTree = "<group>"; };
		21DB9E4227F8B67E008AF29A /* ScoreSystem.swift */ = {isa = PBXFileReference; lastKnownFileType = sourcecode.swift; path = ScoreSystem.swift; sourceTree = "<group>"; };
		3D02FD4D27D8E83C0055ECF7 /* AVAudioPlayer+Extensions.swift */ = {isa = PBXFileReference; lastKnownFileType = sourcecode.swift; path = "AVAudioPlayer+Extensions.swift"; sourceTree = "<group>"; };
		3D05CF8A27E5B0FD00494286 /* MainMenuViewModel.swift */ = {isa = PBXFileReference; lastKnownFileType = sourcecode.swift; path = MainMenuViewModel.swift; sourceTree = "<group>"; };
		3D12D9C327D61D8500D01489 /* live-to-tilt.app */ = {isa = PBXFileReference; explicitFileType = wrapper.application; includeInIndex = 0; path = "live-to-tilt.app"; sourceTree = BUILT_PRODUCTS_DIR; };
		3D12D9C627D61D8500D01489 /* Main.swift */ = {isa = PBXFileReference; lastKnownFileType = sourcecode.swift; path = Main.swift; sourceTree = "<group>"; };
		3D12D9C827D61D8500D01489 /* MainMenuView.swift */ = {isa = PBXFileReference; lastKnownFileType = sourcecode.swift; path = MainMenuView.swift; sourceTree = "<group>"; };
		3D12D9CA27D61D8800D01489 /* Assets.xcassets */ = {isa = PBXFileReference; lastKnownFileType = folder.assetcatalog; path = Assets.xcassets; sourceTree = "<group>"; };
		3D12D9CD27D61D8800D01489 /* Preview Assets.xcassets */ = {isa = PBXFileReference; lastKnownFileType = folder.assetcatalog; path = "Preview Assets.xcassets"; sourceTree = "<group>"; };
		3D12D9CF27D61D8800D01489 /* Info.plist */ = {isa = PBXFileReference; lastKnownFileType = text.plist.xml; path = Info.plist; sourceTree = "<group>"; };
		3D13480527D8BDA900D46B84 /* Soundtrack.swift */ = {isa = PBXFileReference; lastKnownFileType = sourcecode.swift; path = Soundtrack.swift; sourceTree = "<group>"; };
		3D13480727D8BDDF00D46B84 /* AudioController.swift */ = {isa = PBXFileReference; lastKnownFileType = sourcecode.swift; path = AudioController.swift; sourceTree = "<group>"; };
		3D13480C27D8C87400D46B84 /* UserDefaultsKey.swift */ = {isa = PBXFileReference; lastKnownFileType = sourcecode.swift; path = UserDefaultsKey.swift; sourceTree = "<group>"; };
		3D13480E27D8CB7900D46B84 /* UserDefaults+Extensions.swift */ = {isa = PBXFileReference; lastKnownFileType = sourcecode.swift; path = "UserDefaults+Extensions.swift"; sourceTree = "<group>"; };
		3D13481027D8D86000D46B84 /* SettingsView.swift */ = {isa = PBXFileReference; lastKnownFileType = sourcecode.swift; path = SettingsView.swift; sourceTree = "<group>"; };
		3D13481227D8D89100D46B84 /* SettingsViewModel.swift */ = {isa = PBXFileReference; lastKnownFileType = sourcecode.swift; path = SettingsViewModel.swift; sourceTree = "<group>"; };
		3D2B39DC27F6E66600693B3B /* GameModeSelectionView.swift */ = {isa = PBXFileReference; lastKnownFileType = sourcecode.swift; path = GameModeSelectionView.swift; sourceTree = "<group>"; };
		3D2B39E227F7EDF400693B3B /* StraightWave.swift */ = {isa = PBXFileReference; lastKnownFileType = sourcecode.swift; path = StraightWave.swift; sourceTree = "<group>"; };
		3D2B39EC27F88C3B00693B3B /* MovementDecorator.swift */ = {isa = PBXFileReference; lastKnownFileType = sourcecode.swift; path = MovementDecorator.swift; sourceTree = "<group>"; };
		3D55387527E2115D00DF45C2 /* EnemyComponent.swift */ = {isa = PBXFileReference; lastKnownFileType = sourcecode.swift; path = EnemyComponent.swift; sourceTree = "<group>"; };
		3D55387727E22FD800DF45C2 /* WaveSystem.swift */ = {isa = PBXFileReference; lastKnownFileType = sourcecode.swift; path = WaveSystem.swift; sourceTree = "<group>"; };
		3D55387927E230B600DF45C2 /* MovementSystem.swift */ = {isa = PBXFileReference; lastKnownFileType = sourcecode.swift; path = MovementSystem.swift; sourceTree = "<group>"; };
		3D7AABB227DA4BD6007DAE9E /* Layer.swift */ = {isa = PBXFileReference; lastKnownFileType = sourcecode.swift; path = Layer.swift; sourceTree = "<group>"; };
		3DA4B1D427EF6E3000FE19B2 /* GameMode.swift */ = {isa = PBXFileReference; lastKnownFileType = sourcecode.swift; path = GameMode.swift; sourceTree = "<group>"; };
		3DA4B1E727F00B6600FE19B2 /* WaveManagerComponent.swift */ = {isa = PBXFileReference; lastKnownFileType = sourcecode.swift; path = WaveManagerComponent.swift; sourceTree = "<group>"; };
		3DA4B1EB27F00D7000FE19B2 /* WaveManager.swift */ = {isa = PBXFileReference; lastKnownFileType = sourcecode.swift; path = WaveManager.swift; sourceTree = "<group>"; };
		3DA4B1ED27F00D8700FE19B2 /* SurvivalWaveManager.swift */ = {isa = PBXFileReference; lastKnownFileType = sourcecode.swift; path = SurvivalWaveManager.swift; sourceTree = "<group>"; };
		3DA4B1EF27F00DAE00FE19B2 /* GauntletWaveManager.swift */ = {isa = PBXFileReference; lastKnownFileType = sourcecode.swift; path = GauntletWaveManager.swift; sourceTree = "<group>"; };
		3DA4B1FA27F029F200FE19B2 /* Array+Extensions.swift */ = {isa = PBXFileReference; lastKnownFileType = sourcecode.swift; path = "Array+Extensions.swift"; sourceTree = "<group>"; };
		3DAEBC8227EA33A0007862FF /* GameStateComponent.swift */ = {isa = PBXFileReference; lastKnownFileType = sourcecode.swift; path = GameStateComponent.swift; sourceTree = "<group>"; };
		3DB3741727F43B7E0053F400 /* DirectionalMovementDecorator.swift */ = {isa = PBXFileReference; lastKnownFileType = sourcecode.swift; path = DirectionalMovementDecorator.swift; sourceTree = "<group>"; };
		3DB3741927F4400F0053F400 /* HorizontalWave.swift */ = {isa = PBXFileReference; lastKnownFileType = sourcecode.swift; path = HorizontalWave.swift; sourceTree = "<group>"; };
		3DB3741F27F457CB0053F400 /* ConnectedMovement.swift */ = {isa = PBXFileReference; lastKnownFileType = sourcecode.swift; path = ConnectedMovement.swift; sourceTree = "<group>"; };
		3DB3742127F4B1200053F400 /* CopyMovementDecorator.swift */ = {isa = PBXFileReference; lastKnownFileType = sourcecode.swift; path = CopyMovementDecorator.swift; sourceTree = "<group>"; };
		3DBBF53427DA25DC0039557D /* ImageAsset.swift */ = {isa = PBXFileReference; lastKnownFileType = sourcecode.swift; path = ImageAsset.swift; sourceTree = "<group>"; };
		3DC0F28327EB0239001D54E4 /* MovementComponent.swift */ = {isa = PBXFileReference; lastKnownFileType = sourcecode.swift; path = MovementComponent.swift; sourceTree = "<group>"; };
		3DC7BC7A27E3911F00994C18 /* Movement.swift */ = {isa = PBXFileReference; lastKnownFileType = sourcecode.swift; path = Movement.swift; sourceTree = "<group>"; };
		3DC7BC7C27E3923C00994C18 /* HomingMovementDecorator.swift */ = {isa = PBXFileReference; lastKnownFileType = sourcecode.swift; path = HomingMovementDecorator.swift; sourceTree = "<group>"; };
		3DC7BC8027E4356900994C18 /* BaseMovement.swift */ = {isa = PBXFileReference; lastKnownFileType = sourcecode.swift; path = BaseMovement.swift; sourceTree = "<group>"; };
		3DCEAA5727E3062F008ADF6D /* Wave.swift */ = {isa = PBXFileReference; lastKnownFileType = sourcecode.swift; path = Wave.swift; sourceTree = "<group>"; };
		3DCEAA5927E306A3008ADF6D /* RandomWave.swift */ = {isa = PBXFileReference; lastKnownFileType = sourcecode.swift; path = RandomWave.swift; sourceTree = "<group>"; };
		7215CD4627DB63D800A26752 /* GameControl.swift */ = {isa = PBXFileReference; lastKnownFileType = sourcecode.swift; path = GameControl.swift; sourceTree = "<group>"; };
		7215CD4927DB661C00A26752 /* AccelerometerControl.swift */ = {isa = PBXFileReference; lastKnownFileType = sourcecode.swift; path = AccelerometerControl.swift; sourceTree = "<group>"; };
		7230520F27F2C64C00AD753D /* PauseMenuView.swift */ = {isa = PBXFileReference; lastKnownFileType = sourcecode.swift; path = PauseMenuView.swift; sourceTree = "<group>"; };
		7230521127F2D52700AD753D /* GameOverMenuView.swift */ = {isa = PBXFileReference; lastKnownFileType = sourcecode.swift; path = GameOverMenuView.swift; sourceTree = "<group>"; };
		7230521327F2D80500AD753D /* MenuButton.swift */ = {isa = PBXFileReference; lastKnownFileType = sourcecode.swift; path = MenuButton.swift; sourceTree = "<group>"; };
		7230521527F2EB7700AD753D /* MenuLayout.swift */ = {isa = PBXFileReference; lastKnownFileType = sourcecode.swift; path = MenuLayout.swift; sourceTree = "<group>"; };
		7230521727F2EE0600AD753D /* MenuIcon.swift */ = {isa = PBXFileReference; lastKnownFileType = sourcecode.swift; path = MenuIcon.swift; sourceTree = "<group>"; };
		7234864F27E1DC210041265C /* Nexus+Extensions.swift */ = {isa = PBXFileReference; lastKnownFileType = sourcecode.swift; path = "Nexus+Extensions.swift"; sourceTree = "<group>"; };
		723DEFD327E1DF9F00592922 /* LazyView.swift */ = {isa = PBXFileReference; lastKnownFileType = sourcecode.swift; path = LazyView.swift; sourceTree = "<group>"; };
		723DEFD527E1E27700592922 /* PlayerComponent.swift */ = {isa = PBXFileReference; lastKnownFileType = sourcecode.swift; path = PlayerComponent.swift; sourceTree = "<group>"; };
		723EE8B027E8C13D001BD0D4 /* MenuItemText.swift */ = {isa = PBXFileReference; lastKnownFileType = sourcecode.swift; path = MenuItemText.swift; sourceTree = "<group>"; };
		723EE8B227E8C217001BD0D4 /* HeroText.swift */ = {isa = PBXFileReference; lastKnownFileType = sourcecode.swift; path = HeroText.swift; sourceTree = "<group>"; };
		723EE8B427E8CFDD001BD0D4 /* InfoText.swift */ = {isa = PBXFileReference; lastKnownFileType = sourcecode.swift; path = InfoText.swift; sourceTree = "<group>"; };
		72478E9227D70C9800B9140A /* Entity.swift */ = {isa = PBXFileReference; lastKnownFileType = sourcecode.swift; path = Entity.swift; sourceTree = "<group>"; };
		72478E9427D70DFE00B9140A /* Component.swift */ = {isa = PBXFileReference; lastKnownFileType = sourcecode.swift; path = Component.swift; sourceTree = "<group>"; };
		72478E9627D70E4200B9140A /* ComponentIdentifier.swift */ = {isa = PBXFileReference; lastKnownFileType = sourcecode.swift; path = ComponentIdentifier.swift; sourceTree = "<group>"; };
		72478E9827D7138900B9140A /* Nexus.swift */ = {isa = PBXFileReference; lastKnownFileType = sourcecode.swift; path = Nexus.swift; sourceTree = "<group>"; };
		72478E9A27D733DE00B9140A /* System.swift */ = {isa = PBXFileReference; lastKnownFileType = sourcecode.swift; path = System.swift; sourceTree = "<group>"; };
		72478E9C27D7363100B9140A /* GameEngine.swift */ = {isa = PBXFileReference; lastKnownFileType = sourcecode.swift; path = GameEngine.swift; sourceTree = "<group>"; };
		72478E9E27D736F200B9140A /* RenderableComponent.swift */ = {isa = PBXFileReference; lastKnownFileType = sourcecode.swift; path = RenderableComponent.swift; sourceTree = "<group>"; };
		72478EA227D739A500B9140A /* GameArenaViewModel.swift */ = {isa = PBXFileReference; lastKnownFileType = sourcecode.swift; name = GameArenaViewModel.swift; path = "live-to-tilt/ViewModels/GameArenaViewModel.swift"; sourceTree = SOURCE_ROOT; };
		72478EA427D73A8200B9140A /* GameRenderer.swift */ = {isa = PBXFileReference; lastKnownFileType = sourcecode.swift; name = GameRenderer.swift; path = "live-to-tilt/ViewModels/Utilities/GameRenderer.swift"; sourceTree = SOURCE_ROOT; };
		72478EA727D73B0500B9140A /* Constants.swift */ = {isa = PBXFileReference; lastKnownFileType = sourcecode.swift; path = Constants.swift; sourceTree = "<group>"; };
		726E12E827E0A6F4002728B7 /* KeyBinding.swift */ = {isa = PBXFileReference; lastKnownFileType = sourcecode.swift; path = KeyBinding.swift; sourceTree = "<group>"; };
		726EBD0427DD9C7700FAF2C0 /* CMAcceleration+Extensions.swift */ = {isa = PBXFileReference; lastKnownFileType = sourcecode.swift; path = "CMAcceleration+Extensions.swift"; sourceTree = "<group>"; };
		726EBD0627DDA8AB00FAF2C0 /* GameControlManager.swift */ = {isa = PBXFileReference; lastKnownFileType = sourcecode.swift; path = GameControlManager.swift; sourceTree = "<group>"; };
		72742DC727DD954A0033F06B /* GameControlView.swift */ = {isa = PBXFileReference; lastKnownFileType = sourcecode.swift; path = GameControlView.swift; sourceTree = "<group>"; };
		72774A8827DB797A00B0E1DD /* KeyboardControl.swift */ = {isa = PBXFileReference; lastKnownFileType = sourcecode.swift; path = KeyboardControl.swift; sourceTree = "<group>"; };
		72B6309D27EC1CBD004C5238 /* CollisionSystem.swift */ = {isa = PBXFileReference; lastKnownFileType = sourcecode.swift; path = CollisionSystem.swift; sourceTree = "<group>"; };
		72B6309F27EC20B9004C5238 /* CollisionComponent.swift */ = {isa = PBXFileReference; lastKnownFileType = sourcecode.swift; path = CollisionComponent.swift; sourceTree = "<group>"; };
		72EC6AA827E2DBF700FCCB7E /* PhysicsComponent.swift */ = {isa = PBXFileReference; lastKnownFileType = sourcecode.swift; path = PhysicsComponent.swift; sourceTree = "<group>"; };
		72EC6AAA27E2EA0600FCCB7E /* PlayerSystem.swift */ = {isa = PBXFileReference; lastKnownFileType = sourcecode.swift; path = PlayerSystem.swift; sourceTree = "<group>"; };
		72EC6AAC27E2EC3200FCCB7E /* PhysicsSystem.swift */ = {isa = PBXFileReference; lastKnownFileType = sourcecode.swift; path = PhysicsSystem.swift; sourceTree = "<group>"; };
		DB0A621427EDA4730033E23B /* EventManager.swift */ = {isa = PBXFileReference; lastKnownFileType = sourcecode.swift; path = EventManager.swift; sourceTree = "<group>"; };
		DB77AF3227EEC41100F8DE4C /* EventInfo.swift */ = {isa = PBXFileReference; lastKnownFileType = sourcecode.swift; path = EventInfo.swift; sourceTree = "<group>"; };
		DB88975D27DC360E00F72B9C /* PhysicsConstants.swift */ = {isa = PBXFileReference; lastKnownFileType = sourcecode.swift; path = PhysicsConstants.swift; sourceTree = "<group>"; };
		DBB8932C27E8CD1700D61D72 /* GameStats.swift */ = {isa = PBXFileReference; lastKnownFileType = sourcecode.swift; path = GameStats.swift; sourceTree = "<group>"; };
		DBB8933627EC7AD600D61D72 /* Event.swift */ = {isa = PBXFileReference; lastKnownFileType = sourcecode.swift; path = Event.swift; sourceTree = "<group>"; };
		DBB8933827EC83AB00D61D72 /* Notification.Name+Extensions.swift */ = {isa = PBXFileReference; lastKnownFileType = sourcecode.swift; path = "Notification.Name+Extensions.swift"; sourceTree = "<group>"; };
		DBEC91D827D7B8A300B0E750 /* CGFloat+Extensions.swift */ = {isa = PBXFileReference; fileEncoding = 4; lastKnownFileType = sourcecode.swift; path = "CGFloat+Extensions.swift"; sourceTree = "<group>"; };
		DBEC91DA27D7B8A300B0E750 /* PhysicsBody.swift */ = {isa = PBXFileReference; fileEncoding = 4; lastKnownFileType = sourcecode.swift; path = PhysicsBody.swift; sourceTree = "<group>"; };
		DBEC91DB27D7B8A300B0E750 /* Collision.swift */ = {isa = PBXFileReference; fileEncoding = 4; lastKnownFileType = sourcecode.swift; path = Collision.swift; sourceTree = "<group>"; };
		DBEC91DC27D7B8A300B0E750 /* CGSize+Extensions.swift */ = {isa = PBXFileReference; fileEncoding = 4; lastKnownFileType = sourcecode.swift; path = "CGSize+Extensions.swift"; sourceTree = "<group>"; };
		DBEC91DD27D7B8A300B0E750 /* Shape.swift */ = {isa = PBXFileReference; fileEncoding = 4; lastKnownFileType = sourcecode.swift; path = Shape.swift; sourceTree = "<group>"; };
		DBEC91DE27D7B8A300B0E750 /* RectangleCollider.swift */ = {isa = PBXFileReference; fileEncoding = 4; lastKnownFileType = sourcecode.swift; path = RectangleCollider.swift; sourceTree = "<group>"; };
		DBEC91DF27D7B8A300B0E750 /* CollisionPoints.swift */ = {isa = PBXFileReference; fileEncoding = 4; lastKnownFileType = sourcecode.swift; path = CollisionPoints.swift; sourceTree = "<group>"; };
		DBEC91E027D7B8A300B0E750 /* CGVector+Extensions.swift */ = {isa = PBXFileReference; fileEncoding = 4; lastKnownFileType = sourcecode.swift; path = "CGVector+Extensions.swift"; sourceTree = "<group>"; };
		DBEC91E127D7B8A300B0E750 /* PhysicsWorld.swift */ = {isa = PBXFileReference; fileEncoding = 4; lastKnownFileType = sourcecode.swift; path = PhysicsWorld.swift; sourceTree = "<group>"; };
		DBEC91E227D7B8A300B0E750 /* CircleCollider.swift */ = {isa = PBXFileReference; fileEncoding = 4; lastKnownFileType = sourcecode.swift; path = CircleCollider.swift; sourceTree = "<group>"; };
		DBEC91E427D7B8A300B0E750 /* CGPoint+Extensions.swift */ = {isa = PBXFileReference; fileEncoding = 4; lastKnownFileType = sourcecode.swift; path = "CGPoint+Extensions.swift"; sourceTree = "<group>"; };
		DBEC91E627D7B8A300B0E750 /* Collider.swift */ = {isa = PBXFileReference; fileEncoding = 4; lastKnownFileType = sourcecode.swift; path = Collider.swift; sourceTree = "<group>"; };
		DBEC91F727D8F92200B0E750 /* PhysicsCollisionDelegate.swift */ = {isa = PBXFileReference; lastKnownFileType = sourcecode.swift; path = PhysicsCollisionDelegate.swift; sourceTree = "<group>"; };
/* End PBXFileReference section */

/* Begin PBXFrameworksBuildPhase section */
		3D12D9C027D61D8500D01489 /* Frameworks */ = {
			isa = PBXFrameworksBuildPhase;
			buildActionMask = 2147483647;
			files = (
			);
			runOnlyForDeploymentPostprocessing = 0;
		};
/* End PBXFrameworksBuildPhase section */

/* Begin PBXGroup section */
		2106F83627DF3F6300FA25D2 /* ViewModifiers */ = {
			isa = PBXGroup;
			children = (
				2106F84327DF50A100FA25D2 /* RootView.swift */,
				2106F83D27DF497400FA25D2 /* TitleText.swift */,
				2106F83F27DF4AA700FA25D2 /* HeadingOneText.swift */,
				723EE8B027E8C13D001BD0D4 /* MenuItemText.swift */,
				723EE8B227E8C217001BD0D4 /* HeroText.swift */,
				723EE8B427E8CFDD001BD0D4 /* InfoText.swift */,
				7230521327F2D80500AD753D /* MenuButton.swift */,
				7230521527F2EB7700AD753D /* MenuLayout.swift */,
				7230521727F2EE0600AD753D /* MenuIcon.swift */,
			);
			path = ViewModifiers;
			sourceTree = "<group>";
		};
		21B52E4227E48B5B00E61808 /* PowerupComponent */ = {
			isa = PBXGroup;
			children = (
				2184B3D327E398C9007A4068 /* PowerupComponent.swift */,
				2105E6F127E4D0C50010195B /* PowerupEffect.swift */,
				2105E6F327E4D0ED0010195B /* NukeEffect.swift */,
				2106AA4527F5D61C005EBB62 /* LightsaberEffect.swift */,
			);
			path = PowerupComponent;
			sourceTree = "<group>";
		};
		3D12D9BA27D61D8500D01489 = {
			isa = PBXGroup;
			children = (
				21B52E4527E48DBB00E61808 /* README.md */,
				3D12D9C527D61D8500D01489 /* live-to-tilt */,
				3D12D9C427D61D8500D01489 /* Products */,
			);
			sourceTree = "<group>";
		};
		3D12D9C427D61D8500D01489 /* Products */ = {
			isa = PBXGroup;
			children = (
				3D12D9C327D61D8500D01489 /* live-to-tilt.app */,
			);
			name = Products;
			sourceTree = "<group>";
		};
		3D12D9C527D61D8500D01489 /* live-to-tilt */ = {
			isa = PBXGroup;
			children = (
				3D12D9C627D61D8500D01489 /* Main.swift */,
				3D12D9D927D61F1C00D01489 /* AudioEngine */,
				DBB8933527EC78DC00D61D72 /* EventLogger */,
				DB77AF3427EECBAA00F8DE4C /* Stats */,
				3D12D9D827D61F1600D01489 /* PhysicsEngine */,
				3D12D9D727D61F0800D01489 /* GameEngine */,
				3D12D9D627D61F0300D01489 /* ViewModels */,
				3D12D9D527D61EF600D01489 /* Views */,
				72478EA627D73AFA00B9140A /* Utilities */,
				3D12D9CA27D61D8800D01489 /* Assets.xcassets */,
				3D12D9CF27D61D8800D01489 /* Info.plist */,
				3D12D9CC27D61D8800D01489 /* Preview Content */,
			);
			path = "live-to-tilt";
			sourceTree = "<group>";
		};
		3D12D9CC27D61D8800D01489 /* Preview Content */ = {
			isa = PBXGroup;
			children = (
				3D12D9CD27D61D8800D01489 /* Preview Assets.xcassets */,
			);
			path = "Preview Content";
			sourceTree = "<group>";
		};
		3D12D9D527D61EF600D01489 /* Views */ = {
			isa = PBXGroup;
			children = (
				723DEFD227E1DF9300592922 /* Utilities */,
				2106F83627DF3F6300FA25D2 /* ViewModifiers */,
				3D12D9C827D61D8500D01489 /* MainMenuView.swift */,
				3D13481027D8D86000D46B84 /* SettingsView.swift */,
				21AFD20B27DE382900250CF1 /* GameArenaView.swift */,
				72742DC727DD954A0033F06B /* GameControlView.swift */,
				7230520F27F2C64C00AD753D /* PauseMenuView.swift */,
				7230521127F2D52700AD753D /* GameOverMenuView.swift */,
				3D2B39DC27F6E66600693B3B /* GameModeSelectionView.swift */,
			);
			path = Views;
			sourceTree = "<group>";
		};
		3D12D9D627D61F0300D01489 /* ViewModels */ = {
			isa = PBXGroup;
			children = (
				72478EA927D73C8D00B9140A /* Utilities */,
				72478EA227D739A500B9140A /* GameArenaViewModel.swift */,
				3D13481227D8D89100D46B84 /* SettingsViewModel.swift */,
				3D05CF8A27E5B0FD00494286 /* MainMenuViewModel.swift */,
			);
			path = ViewModels;
			sourceTree = "<group>";
		};
		3D12D9D727D61F0800D01489 /* GameEngine */ = {
			isa = PBXGroup;
			children = (
				72478E8F27D70C6300B9140A /* Entities */,
				72478E9027D70C6A00B9140A /* Components */,
				72478E9127D70C6F00B9140A /* Systems */,
				72478E9C27D7363100B9140A /* GameEngine.swift */,
			);
			path = GameEngine;
			sourceTree = "<group>";
		};
		3D12D9D827D61F1600D01489 /* PhysicsEngine */ = {
			isa = PBXGroup;
			children = (
				DBEC91DA27D7B8A300B0E750 /* PhysicsBody.swift */,
				DBEC91E127D7B8A300B0E750 /* PhysicsWorld.swift */,
				DBEC91F727D8F92200B0E750 /* PhysicsCollisionDelegate.swift */,
				DBEC91DD27D7B8A300B0E750 /* Shape.swift */,
				DB88976627DC3D7500F72B9C /* Utilities */,
				DBEC91FA27D9150300B0E750 /* CollisionUtils */,
			);
			path = PhysicsEngine;
			sourceTree = "<group>";
		};
		3D12D9D927D61F1C00D01489 /* AudioEngine */ = {
			isa = PBXGroup;
			children = (
				3D13480527D8BDA900D46B84 /* Soundtrack.swift */,
				3D13480727D8BDDF00D46B84 /* AudioController.swift */,
			);
			path = AudioEngine;
			sourceTree = "<group>";
		};
		3DA4B1E527F0092200FE19B2 /* Wave */ = {
			isa = PBXGroup;
			children = (
				3DCEAA5727E3062F008ADF6D /* Wave.swift */,
				3DCEAA5927E306A3008ADF6D /* RandomWave.swift */,
				3DB3741927F4400F0053F400 /* HorizontalWave.swift */,
				3D2B39E227F7EDF400693B3B /* StraightWave.swift */,
			);
			path = Wave;
			sourceTree = "<group>";
		};
		3DA4B1E627F00B2000FE19B2 /* Movement */ = {
			isa = PBXGroup;
			children = (
				3DC7BC7A27E3911F00994C18 /* Movement.swift */,
				3DC7BC8027E4356900994C18 /* BaseMovement.swift */,
				3DB3741F27F457CB0053F400 /* ConnectedMovement.swift */,
				3DC7BC7C27E3923C00994C18 /* HomingMovementDecorator.swift */,
				3DB3741727F43B7E0053F400 /* DirectionalMovementDecorator.swift */,
				3DB3742127F4B1200053F400 /* CopyMovementDecorator.swift */,
				21DB9E3827F8342C008AF29A /* AttachMovementDecorator.swift */,
				3D2B39EC27F88C3B00693B3B /* MovementDecorator.swift */,
			);
			path = Movement;
			sourceTree = "<group>";
		};
		3DA4B1E927F00CF100FE19B2 /* WaveComponent */ = {
			isa = PBXGroup;
			children = (
				3DA4B1E727F00B6600FE19B2 /* WaveManagerComponent.swift */,
				3DA4B1EA27F00D6400FE19B2 /* WaveManager */,
				3DA4B1E527F0092200FE19B2 /* Wave */,
			);
			path = WaveComponent;
			sourceTree = "<group>";
		};
		3DA4B1EA27F00D6400FE19B2 /* WaveManager */ = {
			isa = PBXGroup;
			children = (
				3DA4B1EB27F00D7000FE19B2 /* WaveManager.swift */,
				3DA4B1ED27F00D8700FE19B2 /* SurvivalWaveManager.swift */,
				3DA4B1EF27F00DAE00FE19B2 /* GauntletWaveManager.swift */,
			);
			path = WaveManager;
			sourceTree = "<group>";
		};
		3DC7BC7927E3910E00994C18 /* MovementComponent */ = {
			isa = PBXGroup;
			children = (
				3DA4B1E627F00B2000FE19B2 /* Movement */,
				3DC0F28327EB0239001D54E4 /* MovementComponent.swift */,
			);
			path = MovementComponent;
			sourceTree = "<group>";
		};
		7215CD4827DB657D00A26752 /* GameControl */ = {
			isa = PBXGroup;
			children = (
				7215CD4627DB63D800A26752 /* GameControl.swift */,
				7215CD4927DB661C00A26752 /* AccelerometerControl.swift */,
				72774A8827DB797A00B0E1DD /* KeyboardControl.swift */,
				726EBD0627DDA8AB00FAF2C0 /* GameControlManager.swift */,
			);
			path = GameControl;
			sourceTree = "<group>";
		};
		723DEFD227E1DF9300592922 /* Utilities */ = {
			isa = PBXGroup;
			children = (
				723DEFD327E1DF9F00592922 /* LazyView.swift */,
			);
			path = Utilities;
			sourceTree = "<group>";
		};
		72478E8F27D70C6300B9140A /* Entities */ = {
			isa = PBXGroup;
			children = (
				72478E9227D70C9800B9140A /* Entity.swift */,
				72478E9827D7138900B9140A /* Nexus.swift */,
				7234864F27E1DC210041265C /* Nexus+Extensions.swift */,
			);
			path = Entities;
			sourceTree = "<group>";
		};
		72478E9027D70C6A00B9140A /* Components */ = {
			isa = PBXGroup;
			children = (
				3DA4B1E927F00CF100FE19B2 /* WaveComponent */,
				21B52E4227E48B5B00E61808 /* PowerupComponent */,
				3DC7BC7927E3910E00994C18 /* MovementComponent */,
				72478E9427D70DFE00B9140A /* Component.swift */,
				72478E9627D70E4200B9140A /* ComponentIdentifier.swift */,
				72478E9E27D736F200B9140A /* RenderableComponent.swift */,
				723DEFD527E1E27700592922 /* PlayerComponent.swift */,
				72EC6AA827E2DBF700FCCB7E /* PhysicsComponent.swift */,
				3DAEBC8227EA33A0007862FF /* GameStateComponent.swift */,
				3D55387527E2115D00DF45C2 /* EnemyComponent.swift */,
				72B6309F27EC20B9004C5238 /* CollisionComponent.swift */,
				214E159F27F9767F00815A35 /* ComboComponent.swift */,
			);
			path = Components;
			sourceTree = "<group>";
		};
		72478E9127D70C6F00B9140A /* Systems */ = {
			isa = PBXGroup;
			children = (
				3D55387727E22FD800DF45C2 /* WaveSystem.swift */,
				72478E9A27D733DE00B9140A /* System.swift */,
				3D55387927E230B600DF45C2 /* MovementSystem.swift */,
				2184B3D527E39D14007A4068 /* PowerupSystem.swift */,
				72EC6AAA27E2EA0600FCCB7E /* PlayerSystem.swift */,
				72EC6AAC27E2EC3200FCCB7E /* PhysicsSystem.swift */,
				72B6309D27EC1CBD004C5238 /* CollisionSystem.swift */,
				2106AA4327F5B021005EBB62 /* EnemySystem.swift */,
				21DB9E3C27F85B02008AF29A /* ComboSystem.swift */,
				21DB9E4227F8B67E008AF29A /* ScoreSystem.swift */,
			);
			path = Systems;
			sourceTree = "<group>";
		};
		72478EA627D73AFA00B9140A /* Utilities */ = {
			isa = PBXGroup;
			children = (
				DBB8933827EC83AB00D61D72 /* Notification.Name+Extensions.swift */,
				3D02FD4D27D8E83C0055ECF7 /* AVAudioPlayer+Extensions.swift */,
				3D13480E27D8CB7900D46B84 /* UserDefaults+Extensions.swift */,
				72478EA727D73B0500B9140A /* Constants.swift */,
				3DBBF53427DA25DC0039557D /* ImageAsset.swift */,
				3D7AABB227DA4BD6007DAE9E /* Layer.swift */,
				3D13480C27D8C87400D46B84 /* UserDefaultsKey.swift */,
				726EBD0427DD9C7700FAF2C0 /* CMAcceleration+Extensions.swift */,
				726E12E827E0A6F4002728B7 /* KeyBinding.swift */,
				3DA4B1D427EF6E3000FE19B2 /* GameMode.swift */,
				3DA4B1FA27F029F200FE19B2 /* Array+Extensions.swift */,
			);
			path = Utilities;
			sourceTree = "<group>";
		};
		72478EA927D73C8D00B9140A /* Utilities */ = {
			isa = PBXGroup;
			children = (
				7215CD4827DB657D00A26752 /* GameControl */,
				72478EA427D73A8200B9140A /* GameRenderer.swift */,
			);
			path = Utilities;
			sourceTree = "<group>";
		};
		DB77AF3427EECBAA00F8DE4C /* Stats */ = {
			isa = PBXGroup;
			children = (
				DBB8932C27E8CD1700D61D72 /* GameStats.swift */,
			);
			path = Stats;
			sourceTree = "<group>";
		};
		DB88976627DC3D7500F72B9C /* Utilities */ = {
			isa = PBXGroup;
			children = (
				DB88975D27DC360E00F72B9C /* PhysicsConstants.swift */,
				DBEC91D827D7B8A300B0E750 /* CGFloat+Extensions.swift */,
				DBEC91E427D7B8A300B0E750 /* CGPoint+Extensions.swift */,
				DBEC91DC27D7B8A300B0E750 /* CGSize+Extensions.swift */,
				DBEC91E027D7B8A300B0E750 /* CGVector+Extensions.swift */,
			);
			path = Utilities;
			sourceTree = "<group>";
		};
		DBB8933527EC78DC00D61D72 /* EventLogger */ = {
			isa = PBXGroup;
			children = (
				DBB8933627EC7AD600D61D72 /* Event.swift */,
				DB77AF3227EEC41100F8DE4C /* EventInfo.swift */,
				DB0A621427EDA4730033E23B /* EventManager.swift */,
			);
			path = EventLogger;
			sourceTree = "<group>";
		};
		DBEC91FA27D9150300B0E750 /* CollisionUtils */ = {
			isa = PBXGroup;
			children = (
				DBEC91DB27D7B8A300B0E750 /* Collision.swift */,
				DBEC91DF27D7B8A300B0E750 /* CollisionPoints.swift */,
				DBEC91E627D7B8A300B0E750 /* Collider.swift */,
				DBEC91E227D7B8A300B0E750 /* CircleCollider.swift */,
				DBEC91DE27D7B8A300B0E750 /* RectangleCollider.swift */,
			);
			path = CollisionUtils;
			sourceTree = "<group>";
		};
/* End PBXGroup section */

/* Begin PBXNativeTarget section */
		3D12D9C227D61D8500D01489 /* live-to-tilt */ = {
			isa = PBXNativeTarget;
			buildConfigurationList = 3D12D9D227D61D8800D01489 /* Build configuration list for PBXNativeTarget "live-to-tilt" */;
			buildPhases = (
				3D12D9DA27D61FB100D01489 /* ShellScript */,
				3D12D9BF27D61D8500D01489 /* Sources */,
				3D12D9C027D61D8500D01489 /* Frameworks */,
				3D12D9C127D61D8500D01489 /* Resources */,
			);
			buildRules = (
			);
			dependencies = (
			);
			name = "live-to-tilt";
			productName = "live-to-tilt";
			productReference = 3D12D9C327D61D8500D01489 /* live-to-tilt.app */;
			productType = "com.apple.product-type.application";
		};
/* End PBXNativeTarget section */

/* Begin PBXProject section */
		3D12D9BB27D61D8500D01489 /* Project object */ = {
			isa = PBXProject;
			attributes = {
				LastSwiftUpdateCheck = 1250;
				LastUpgradeCheck = 1250;
				TargetAttributes = {
					3D12D9C227D61D8500D01489 = {
						CreatedOnToolsVersion = 12.5.1;
					};
				};
			};
			buildConfigurationList = 3D12D9BE27D61D8500D01489 /* Build configuration list for PBXProject "live-to-tilt" */;
			compatibilityVersion = "Xcode 9.3";
			developmentRegion = en;
			hasScannedForEncodings = 0;
			knownRegions = (
				en,
				Base,
			);
			mainGroup = 3D12D9BA27D61D8500D01489;
			productRefGroup = 3D12D9C427D61D8500D01489 /* Products */;
			projectDirPath = "";
			projectRoot = "";
			targets = (
				3D12D9C227D61D8500D01489 /* live-to-tilt */,
			);
		};
/* End PBXProject section */

/* Begin PBXResourcesBuildPhase section */
		3D12D9C127D61D8500D01489 /* Resources */ = {
			isa = PBXResourcesBuildPhase;
			buildActionMask = 2147483647;
			files = (
				21B52E4627E48DBB00E61808 /* README.md in Resources */,
				3D12D9CE27D61D8800D01489 /* Preview Assets.xcassets in Resources */,
				3D12D9CB27D61D8800D01489 /* Assets.xcassets in Resources */,
			);
			runOnlyForDeploymentPostprocessing = 0;
		};
/* End PBXResourcesBuildPhase section */

/* Begin PBXShellScriptBuildPhase section */
		3D12D9DA27D61FB100D01489 /* ShellScript */ = {
			isa = PBXShellScriptBuildPhase;
			buildActionMask = 2147483647;
			files = (
			);
			inputFileListPaths = (
			);
			inputPaths = (
			);
			outputFileListPaths = (
			);
			outputPaths = (
			);
			runOnlyForDeploymentPostprocessing = 0;
			shellPath = /bin/sh;
			shellScript = "if test -d \"/opt/homebrew/bin/\"; then\n  PATH=\"/opt/homebrew/bin/:${PATH}\"\nfi\n\nexport PATH\n\nif which swiftlint >/dev/null; then\n  swiftlint --fix && swiftlint\nelse\n  echo \"warning: SwiftLint not installed, download from https://github.com/realm/SwiftLint\"\nfi\n";
		};
/* End PBXShellScriptBuildPhase section */

/* Begin PBXSourcesBuildPhase section */
		3D12D9BF27D61D8500D01489 /* Sources */ = {
			isa = PBXSourcesBuildPhase;
			buildActionMask = 2147483647;
			files = (
				214E15A027F9767F00815A35 /* ComboComponent.swift in Sources */,
				3DB3741A27F4400F0053F400 /* HorizontalWave.swift in Sources */,
				21BBC8F927E1C66B00C4B5D5 /* MainMenuView.swift in Sources */,
				21BBC8F827E1C66700C4B5D5 /* GameArenaViewModel.swift in Sources */,
				21BBC8F727E1C66000C4B5D5 /* CollisionPoints.swift in Sources */,
				21BBC8F627E1C65B00C4B5D5 /* CGPoint+Extensions.swift in Sources */,
				DB88976527DC3ADD00F72B9C /* AVAudioPlayer+Extensions.swift in Sources */,
				DB88976427DC3AD100F72B9C /* UserDefaults+Extensions.swift in Sources */,
				723DEFD427E1DF9F00592922 /* LazyView.swift in Sources */,
				DB88976227DC3A4000F72B9C /* AccelerometerControl.swift in Sources */,
				DB88976127DC3A1E00F72B9C /* SettingsView.swift in Sources */,
				3DC7BC7D27E3923C00994C18 /* HomingMovementDecorator.swift in Sources */,
				3DA4B1EE27F00D8700FE19B2 /* SurvivalWaveManager.swift in Sources */,
				DB88976027DC3A1700F72B9C /* GameControl.swift in Sources */,
				DB88975F27DC39FF00F72B9C /* Soundtrack.swift in Sources */,
				3DBBF53527DA25DC0039557D /* ImageAsset.swift in Sources */,
				21DB9E4327F8B67E008AF29A /* ScoreSystem.swift in Sources */,
				DB88975E27DC360E00F72B9C /* PhysicsConstants.swift in Sources */,
				2106F84027DF4AA700FA25D2 /* HeadingOneText.swift in Sources */,
				DBB8933727EC7AD600D61D72 /* Event.swift in Sources */,
				3D55387627E2115D00DF45C2 /* EnemyComponent.swift in Sources */,
				3D13480D27D8C87400D46B84 /* UserDefaultsKey.swift in Sources */,
				3D55387827E22FD800DF45C2 /* WaveSystem.swift in Sources */,
				3DAEBC8327EA33A0007862FF /* GameStateComponent.swift in Sources */,
				3D13480827D8BDDF00D46B84 /* AudioController.swift in Sources */,
				7230521827F2EE0600AD753D /* MenuIcon.swift in Sources */,
				DBB8933927EC83AB00D61D72 /* Notification.Name+Extensions.swift in Sources */,
				3D2B39E327F7EDF400693B3B /* StraightWave.swift in Sources */,
				3DA4B1E827F00B6600FE19B2 /* WaveManagerComponent.swift in Sources */,
				3D7AABB327DA4BD6007DAE9E /* Layer.swift in Sources */,
				21DB9E3927F8342C008AF29A /* AttachMovementDecorator.swift in Sources */,
				2106AA4627F5D61C005EBB62 /* LightsaberEffect.swift in Sources */,
				72774A8927DB797A00B0E1DD /* KeyboardControl.swift in Sources */,
				3DC7BC7B27E3911F00994C18 /* Movement.swift in Sources */,
				72478E9727D70E4200B9140A /* ComponentIdentifier.swift in Sources */,
				DBEC91F527D7B8A300B0E750 /* Collider.swift in Sources */,
				2184B3D627E39D14007A4068 /* PowerupSystem.swift in Sources */,
				DBEC91E727D7B8A300B0E750 /* CGFloat+Extensions.swift in Sources */,
				72478E9B27D733DE00B9140A /* System.swift in Sources */,
				3DCEAA5A27E306A3008ADF6D /* RandomWave.swift in Sources */,
				2105E6F427E4D0ED0010195B /* NukeEffect.swift in Sources */,
				3D55387A27E230B600DF45C2 /* MovementSystem.swift in Sources */,
				2106F83E27DF497400FA25D2 /* TitleText.swift in Sources */,
				723DEFD627E1E27700592922 /* PlayerComponent.swift in Sources */,
				2106F84427DF50A100FA25D2 /* RootView.swift in Sources */,
				2105E6F227E4D0C50010195B /* PowerupEffect.swift in Sources */,
				3DA4B1FB27F029F200FE19B2 /* Array+Extensions.swift in Sources */,
				3D05CF8B27E5B0FD00494286 /* MainMenuViewModel.swift in Sources */,
				726EBD0727DDA8AB00FAF2C0 /* GameControlManager.swift in Sources */,
				726EBD0527DD9C7700FAF2C0 /* CMAcceleration+Extensions.swift in Sources */,
				72478E9F27D736F200B9140A /* RenderableComponent.swift in Sources */,
				3DA4B1EC27F00D7000FE19B2 /* WaveManager.swift in Sources */,
				72EC6AA927E2DBF700FCCB7E /* PhysicsComponent.swift in Sources */,
				3DB3742027F457CB0053F400 /* ConnectedMovement.swift in Sources */,
				DBEC91EA27D7B8A300B0E750 /* Collision.swift in Sources */,
				3DCEAA5827E3062F008ADF6D /* Wave.swift in Sources */,
				3DA4B1D527EF6E3000FE19B2 /* GameMode.swift in Sources */,
				DBEC91F027D7B8A300B0E750 /* PhysicsWorld.swift in Sources */,
				DBEC91F127D7B8A300B0E750 /* CircleCollider.swift in Sources */,
				DBB8932D27E8CD1700D61D72 /* GameStats.swift in Sources */,
				72EC6AAB27E2EA0600FCCB7E /* PlayerSystem.swift in Sources */,
				DB0A621527EDA4730033E23B /* EventManager.swift in Sources */,
				DB77AF3327EEC41100F8DE4C /* EventInfo.swift in Sources */,
				21DB9E3D27F85B02008AF29A /* ComboSystem.swift in Sources */,
				DBEC91EF27D7B8A300B0E750 /* CGVector+Extensions.swift in Sources */,
				72B630A027EC20B9004C5238 /* CollisionComponent.swift in Sources */,
				7230521227F2D52700AD753D /* GameOverMenuView.swift in Sources */,
				DBEC91F827D8F92200B0E750 /* PhysicsCollisionDelegate.swift in Sources */,
				72478EA527D73A8200B9140A /* GameRenderer.swift in Sources */,
				7230521027F2C64C00AD753D /* PauseMenuView.swift in Sources */,
				3DB3742227F4B1200053F400 /* CopyMovementDecorator.swift in Sources */,
				3D2B39ED27F88C3B00693B3B /* MovementDecorator.swift in Sources */,
				72EC6AAD27E2EC3200FCCB7E /* PhysicsSystem.swift in Sources */,
				2106AA4427F5B021005EBB62 /* EnemySystem.swift in Sources */,
				3DA4B1F027F00DAE00FE19B2 /* GauntletWaveManager.swift in Sources */,
				DBEC91ED27D7B8A300B0E750 /* RectangleCollider.swift in Sources */,
				3DC0F28427EB0239001D54E4 /* MovementComponent.swift in Sources */,
				72478E9D27D7363100B9140A /* GameEngine.swift in Sources */,
				72478EA827D73B0500B9140A /* Constants.swift in Sources */,
				DBEC91EB27D7B8A300B0E750 /* CGSize+Extensions.swift in Sources */,
				DBEC91EC27D7B8A300B0E750 /* Shape.swift in Sources */,
				3DC7BC8127E4356900994C18 /* BaseMovement.swift in Sources */,
				723EE8B527E8CFDD001BD0D4 /* InfoText.swift in Sources */,
				72478E9527D70DFE00B9140A /* Component.swift in Sources */,
				2184B3D427E398C9007A4068 /* PowerupComponent.swift in Sources */,
				3DB3741827F43B7E0053F400 /* DirectionalMovementDecorator.swift in Sources */,
				7230521627F2EB7700AD753D /* MenuLayout.swift in Sources */,
				3D2B39DD27F6E66600693B3B /* GameModeSelectionView.swift in Sources */,
				72478E9927D7138900B9140A /* Nexus.swift in Sources */,
				DBEC91E927D7B8A300B0E750 /* PhysicsBody.swift in Sources */,
				72742DC827DD954A0033F06B /* GameControlView.swift in Sources */,
				726E12E927E0A6F4002728B7 /* KeyBinding.swift in Sources */,
				3D12D9C727D61D8500D01489 /* Main.swift in Sources */,
				72B6309E27EC1CBD004C5238 /* CollisionSystem.swift in Sources */,
				723EE8B327E8C217001BD0D4 /* HeroText.swift in Sources */,
				7230521427F2D80500AD753D /* MenuButton.swift in Sources */,
				7234865027E1DC210041265C /* Nexus+Extensions.swift in Sources */,
				72478E9327D70C9800B9140A /* Entity.swift in Sources */,
				21AFD20C27DE382900250CF1 /* GameArenaView.swift in Sources */,
				723EE8B127E8C13D001BD0D4 /* MenuItemText.swift in Sources */,
				3D13481327D8D89100D46B84 /* SettingsViewModel.swift in Sources */,
			);
			runOnlyForDeploymentPostprocessing = 0;
		};
/* End PBXSourcesBuildPhase section */

/* Begin XCBuildConfiguration section */
		3D12D9D027D61D8800D01489 /* Debug */ = {
			isa = XCBuildConfiguration;
			buildSettings = {
				ALWAYS_SEARCH_USER_PATHS = NO;
				CLANG_ANALYZER_NONNULL = YES;
				CLANG_ANALYZER_NUMBER_OBJECT_CONVERSION = YES_AGGRESSIVE;
				CLANG_CXX_LANGUAGE_STANDARD = "gnu++14";
				CLANG_CXX_LIBRARY = "libc++";
				CLANG_ENABLE_MODULES = YES;
				CLANG_ENABLE_OBJC_ARC = YES;
				CLANG_ENABLE_OBJC_WEAK = YES;
				CLANG_WARN_BLOCK_CAPTURE_AUTORELEASING = YES;
				CLANG_WARN_BOOL_CONVERSION = YES;
				CLANG_WARN_COMMA = YES;
				CLANG_WARN_CONSTANT_CONVERSION = YES;
				CLANG_WARN_DEPRECATED_OBJC_IMPLEMENTATIONS = YES;
				CLANG_WARN_DIRECT_OBJC_ISA_USAGE = YES_ERROR;
				CLANG_WARN_DOCUMENTATION_COMMENTS = YES;
				CLANG_WARN_EMPTY_BODY = YES;
				CLANG_WARN_ENUM_CONVERSION = YES;
				CLANG_WARN_INFINITE_RECURSION = YES;
				CLANG_WARN_INT_CONVERSION = YES;
				CLANG_WARN_NON_LITERAL_NULL_CONVERSION = YES;
				CLANG_WARN_OBJC_IMPLICIT_RETAIN_SELF = YES;
				CLANG_WARN_OBJC_LITERAL_CONVERSION = YES;
				CLANG_WARN_OBJC_ROOT_CLASS = YES_ERROR;
				CLANG_WARN_QUOTED_INCLUDE_IN_FRAMEWORK_HEADER = YES;
				CLANG_WARN_RANGE_LOOP_ANALYSIS = YES;
				CLANG_WARN_STRICT_PROTOTYPES = YES;
				CLANG_WARN_SUSPICIOUS_MOVE = YES;
				CLANG_WARN_UNGUARDED_AVAILABILITY = YES_AGGRESSIVE;
				CLANG_WARN_UNREACHABLE_CODE = YES;
				CLANG_WARN__DUPLICATE_METHOD_MATCH = YES;
				COPY_PHASE_STRIP = NO;
				DEBUG_INFORMATION_FORMAT = dwarf;
				ENABLE_STRICT_OBJC_MSGSEND = YES;
				ENABLE_TESTABILITY = YES;
				GCC_C_LANGUAGE_STANDARD = gnu11;
				GCC_DYNAMIC_NO_PIC = NO;
				GCC_NO_COMMON_BLOCKS = YES;
				GCC_OPTIMIZATION_LEVEL = 0;
				GCC_PREPROCESSOR_DEFINITIONS = (
					"DEBUG=1",
					"$(inherited)",
				);
				GCC_WARN_64_TO_32_BIT_CONVERSION = YES;
				GCC_WARN_ABOUT_RETURN_TYPE = YES_ERROR;
				GCC_WARN_UNDECLARED_SELECTOR = YES;
				GCC_WARN_UNINITIALIZED_AUTOS = YES_AGGRESSIVE;
				GCC_WARN_UNUSED_FUNCTION = YES;
				GCC_WARN_UNUSED_VARIABLE = YES;
				IPHONEOS_DEPLOYMENT_TARGET = 14.5;
				MTL_ENABLE_DEBUG_INFO = INCLUDE_SOURCE;
				MTL_FAST_MATH = YES;
				ONLY_ACTIVE_ARCH = YES;
				SDKROOT = iphoneos;
				SWIFT_ACTIVE_COMPILATION_CONDITIONS = DEBUG;
				SWIFT_OPTIMIZATION_LEVEL = "-Onone";
			};
			name = Debug;
		};
		3D12D9D127D61D8800D01489 /* Release */ = {
			isa = XCBuildConfiguration;
			buildSettings = {
				ALWAYS_SEARCH_USER_PATHS = NO;
				CLANG_ANALYZER_NONNULL = YES;
				CLANG_ANALYZER_NUMBER_OBJECT_CONVERSION = YES_AGGRESSIVE;
				CLANG_CXX_LANGUAGE_STANDARD = "gnu++14";
				CLANG_CXX_LIBRARY = "libc++";
				CLANG_ENABLE_MODULES = YES;
				CLANG_ENABLE_OBJC_ARC = YES;
				CLANG_ENABLE_OBJC_WEAK = YES;
				CLANG_WARN_BLOCK_CAPTURE_AUTORELEASING = YES;
				CLANG_WARN_BOOL_CONVERSION = YES;
				CLANG_WARN_COMMA = YES;
				CLANG_WARN_CONSTANT_CONVERSION = YES;
				CLANG_WARN_DEPRECATED_OBJC_IMPLEMENTATIONS = YES;
				CLANG_WARN_DIRECT_OBJC_ISA_USAGE = YES_ERROR;
				CLANG_WARN_DOCUMENTATION_COMMENTS = YES;
				CLANG_WARN_EMPTY_BODY = YES;
				CLANG_WARN_ENUM_CONVERSION = YES;
				CLANG_WARN_INFINITE_RECURSION = YES;
				CLANG_WARN_INT_CONVERSION = YES;
				CLANG_WARN_NON_LITERAL_NULL_CONVERSION = YES;
				CLANG_WARN_OBJC_IMPLICIT_RETAIN_SELF = YES;
				CLANG_WARN_OBJC_LITERAL_CONVERSION = YES;
				CLANG_WARN_OBJC_ROOT_CLASS = YES_ERROR;
				CLANG_WARN_QUOTED_INCLUDE_IN_FRAMEWORK_HEADER = YES;
				CLANG_WARN_RANGE_LOOP_ANALYSIS = YES;
				CLANG_WARN_STRICT_PROTOTYPES = YES;
				CLANG_WARN_SUSPICIOUS_MOVE = YES;
				CLANG_WARN_UNGUARDED_AVAILABILITY = YES_AGGRESSIVE;
				CLANG_WARN_UNREACHABLE_CODE = YES;
				CLANG_WARN__DUPLICATE_METHOD_MATCH = YES;
				COPY_PHASE_STRIP = NO;
				DEBUG_INFORMATION_FORMAT = "dwarf-with-dsym";
				ENABLE_NS_ASSERTIONS = NO;
				ENABLE_STRICT_OBJC_MSGSEND = YES;
				GCC_C_LANGUAGE_STANDARD = gnu11;
				GCC_NO_COMMON_BLOCKS = YES;
				GCC_WARN_64_TO_32_BIT_CONVERSION = YES;
				GCC_WARN_ABOUT_RETURN_TYPE = YES_ERROR;
				GCC_WARN_UNDECLARED_SELECTOR = YES;
				GCC_WARN_UNINITIALIZED_AUTOS = YES_AGGRESSIVE;
				GCC_WARN_UNUSED_FUNCTION = YES;
				GCC_WARN_UNUSED_VARIABLE = YES;
				IPHONEOS_DEPLOYMENT_TARGET = 14.5;
				MTL_ENABLE_DEBUG_INFO = NO;
				MTL_FAST_MATH = YES;
				SDKROOT = iphoneos;
				SWIFT_COMPILATION_MODE = wholemodule;
				SWIFT_OPTIMIZATION_LEVEL = "-O";
				VALIDATE_PRODUCT = YES;
			};
			name = Release;
		};
		3D12D9D327D61D8800D01489 /* Debug */ = {
			isa = XCBuildConfiguration;
			buildSettings = {
				ASSETCATALOG_COMPILER_APPICON_NAME = AppIcon;
				ASSETCATALOG_COMPILER_GLOBAL_ACCENT_COLOR_NAME = AccentColor;
				CODE_SIGN_STYLE = Automatic;
				DEVELOPMENT_ASSET_PATHS = "\"live-to-tilt/Preview Content\"";
				DEVELOPMENT_TEAM = R6RNQ337X4;
				ENABLE_PREVIEWS = YES;
				INFOPLIST_FILE = "live-to-tilt/Info.plist";
				IPHONEOS_DEPLOYMENT_TARGET = 15.0;
				LD_RUNPATH_SEARCH_PATHS = (
					"$(inherited)",
					"@executable_path/Frameworks",
				);
				PRODUCT_BUNDLE_IDENTIFIER = "com.cs3217.live-to-tilt";
				PRODUCT_NAME = "$(TARGET_NAME)";
				SWIFT_VERSION = 5.0;
				TARGETED_DEVICE_FAMILY = "1,2";
			};
			name = Debug;
		};
		3D12D9D427D61D8800D01489 /* Release */ = {
			isa = XCBuildConfiguration;
			buildSettings = {
				ASSETCATALOG_COMPILER_APPICON_NAME = AppIcon;
				ASSETCATALOG_COMPILER_GLOBAL_ACCENT_COLOR_NAME = AccentColor;
				CODE_SIGN_STYLE = Automatic;
				DEVELOPMENT_ASSET_PATHS = "\"live-to-tilt/Preview Content\"";
				DEVELOPMENT_TEAM = R6RNQ337X4;
				ENABLE_PREVIEWS = YES;
				INFOPLIST_FILE = "live-to-tilt/Info.plist";
				IPHONEOS_DEPLOYMENT_TARGET = 15.0;
				LD_RUNPATH_SEARCH_PATHS = (
					"$(inherited)",
					"@executable_path/Frameworks",
				);
				PRODUCT_BUNDLE_IDENTIFIER = "com.cs3217.live-to-tilt";
				PRODUCT_NAME = "$(TARGET_NAME)";
				SWIFT_VERSION = 5.0;
				TARGETED_DEVICE_FAMILY = "1,2";
			};
			name = Release;
		};
/* End XCBuildConfiguration section */

/* Begin XCConfigurationList section */
		3D12D9BE27D61D8500D01489 /* Build configuration list for PBXProject "live-to-tilt" */ = {
			isa = XCConfigurationList;
			buildConfigurations = (
				3D12D9D027D61D8800D01489 /* Debug */,
				3D12D9D127D61D8800D01489 /* Release */,
			);
			defaultConfigurationIsVisible = 0;
			defaultConfigurationName = Release;
		};
		3D12D9D227D61D8800D01489 /* Build configuration list for PBXNativeTarget "live-to-tilt" */ = {
			isa = XCConfigurationList;
			buildConfigurations = (
				3D12D9D327D61D8800D01489 /* Debug */,
				3D12D9D427D61D8800D01489 /* Release */,
			);
			defaultConfigurationIsVisible = 0;
			defaultConfigurationName = Release;
		};
/* End XCConfigurationList section */
	};
	rootObject = 3D12D9BB27D61D8500D01489 /* Project object */;
}
